<?xml version="1.0" encoding="utf-8"?>
<Project ToolsVersion="4.0" xmlns="http://schemas.microsoft.com/developer/msbuild/2003">
  <ItemGroup>
    <Filter Include="Source Files">
      <UniqueIdentifier>{4FC737F1-C7A5-4376-A066-2A32D752A2FF}</UniqueIdentifier>
      <Extensions>cpp;c;cc;cxx;def;odl;idl;hpj;bat;asm;asmx</Extensions>
    </Filter>
    <Filter Include="Header Files">
      <UniqueIdentifier>{93995380-89BD-4b04-88EB-625FBE52EBFB}</UniqueIdentifier>
      <Extensions>h;hh;hpp;hxx;hm;inl;inc;xsd</Extensions>
    </Filter>
    <Filter Include="Resource Files">
      <UniqueIdentifier>{67DA6AB6-F800-4c08-8B7A-83BB121AAD01}</UniqueIdentifier>
      <Extensions>rc;ico;cur;bmp;dlg;rc2;rct;bin;rgs;gif;jpg;jpeg;jpe;resx;tiff;tif;png;wav;mfcribbon-ms</Extensions>
    </Filter>
  </ItemGroup>
  <ItemGroup>
    <ClCompile Include="..\Grids_Uniform_PDE_Linear\PROJECTION_UNIFORM.cpp">
      <Filter>Source Files</Filter>
    </ClCompile>
    <ClCompile Include="..\Grids_Uniform_PDE_Linear\LAPLACE_UNIFORM.cpp">
      <Filter>Source Files</Filter>
    </ClCompile>
    <ClCompile Include="..\Grids_Uniform_PDE_Linear\POISSON_UNIFORM.cpp">
      <Filter>Source Files</Filter>
    </ClCompile>
    <ClCompile Include="..\Particles\PARTICLES.cpp">
      <Filter>Source Files</Filter>
    </ClCompile>
    <ClCompile Include="..\Particles\ARRAY_COLLECTION_ELEMENT_BASE.cpp">
      <Filter>Source Files</Filter>
    </ClCompile>
    <ClCompile Include="..\Utilities\TEST_BASE.cpp">
      <Filter>Source Files</Filter>
    </ClCompile>
    <ClCompile Include="..\Utilities\INTERRUPTS.cpp">
      <Filter>Source Files</Filter>
    </ClCompile>
    <ClCompile Include="..\Utilities\TIMER.cpp">
      <Filter>Source Files</Filter>
    </ClCompile>
    <ClCompile Include="..\Utilities\EXCEPTIONS.cpp">
      <Filter>Source Files</Filter>
    </ClCompile>
    <ClCompile Include="..\Utilities\PROCESS_UTILITIES.cpp">
      <Filter>Source Files</Filter>
    </ClCompile>
    <ClCompile Include="..\Grids_Uniform_Arrays\FLOOD_FILL.cpp">
      <Filter>Source Files</Filter>
    </ClCompile>
    <ClCompile Include="..\Grids_Uniform_Arrays\ARRAYS_UTILITIES.cpp">
      <Filter>Source Files</Filter>
    </ClCompile>
    <ClCompile Include="..\Grids_Uniform_Arrays\FACE_ARRAYS.cpp">
      <Filter>Source Files</Filter>
    </ClCompile>
    <ClCompile Include="..\Grids_Uniform\FACE_ITERATOR.cpp">
      <Filter>Source Files</Filter>
    </ClCompile>
    <ClCompile Include="..\Grids_Uniform\CELL_ITERATOR.cpp">
      <Filter>Source Files</Filter>
    </ClCompile>
    <ClCompile Include="..\Grids_Uniform\GRID.cpp">
      <Filter>Source Files</Filter>
    </ClCompile>
    <ClCompile Include="..\Grids_Uniform\EDGE_ITERATOR.cpp">
      <Filter>Source Files</Filter>
    </ClCompile>
    <ClCompile Include="..\Grids_Uniform\GRID_ITERATOR_BASE.cpp">
      <Filter>Source Files</Filter>
    </ClCompile>
    <ClCompile Include="..\Grids_Uniform\NODE_ITERATOR.cpp">
      <Filter>Source Files</Filter>
    </ClCompile>
    <ClCompile Include="..\Krylov_Solvers\KRYLOV_VECTOR_BASE.cpp">
      <Filter>Source Files</Filter>
    </ClCompile>
    <ClCompile Include="..\Krylov_Solvers\CONJUGATE_GRADIENT.cpp">
      <Filter>Source Files</Filter>
    </ClCompile>
    <ClCompile Include="..\Krylov_Solvers\KRYLOV_VECTOR_WRAPPER.cpp">
      <Filter>Source Files</Filter>
    </ClCompile>
    <ClCompile Include="..\Krylov_Solvers\KRYLOV_SOLVER.cpp">
      <Filter>Source Files</Filter>
    </ClCompile>
    <ClCompile Include="..\Krylov_Solvers\PCG_SPARSE.cpp">
      <Filter>Source Files</Filter>
    </ClCompile>
    <ClCompile Include="..\Krylov_Solvers\MINRES.cpp">
      <Filter>Source Files</Filter>
    </ClCompile>
    <ClCompile Include="..\Krylov_Solvers\GMRES.cpp">
      <Filter>Source Files</Filter>
    </ClCompile>
    <ClCompile Include="..\Krylov_Solvers\CONJUGATE_RESIDUAL.cpp">
      <Filter>Source Files</Filter>
    </ClCompile>
    <ClCompile Include="..\Krylov_Solvers\MATRIX_SYSTEM.cpp">
      <Filter>Source Files</Filter>
    </ClCompile>
    <ClCompile Include="..\Krylov_Solvers\IMPLICIT_SOLVE_PARAMETERS.cpp">
      <Filter>Source Files</Filter>
    </ClCompile>
    <ClCompile Include="..\Krylov_Solvers\SYMMQMR.cpp">
      <Filter>Source Files</Filter>
    </ClCompile>
    <ClCompile Include="..\Krylov_Solvers\KRYLOV_SYSTEM_BASE.cpp">
      <Filter>Source Files</Filter>
    </ClCompile>
    <ClCompile Include="..\Krylov_Solvers\LANCZOS_ITERATION.cpp">
      <Filter>Source Files</Filter>
    </ClCompile>
    <ClCompile Include="..\Krylov_Solvers\LANCZOS_CONJUGATE_GRADIENT.cpp">
      <Filter>Source Files</Filter>
    </ClCompile>
    <ClCompile Include="..\Interpolation\LINEAR_INTERPOLATION.cpp">
      <Filter>Source Files</Filter>
    </ClCompile>
    <ClCompile Include="..\Interpolation\INTERPOLATED_COLOR_MAP.cpp">
      <Filter>Source Files</Filter>
    </ClCompile>
    <ClCompile Include="..\Interpolation\BSPLINE_QUATERNION.cpp">
      <Filter>Source Files</Filter>
    </ClCompile>
    <ClCompile Include="..\Interpolation\CUBIC_MN_INTERPOLATION.cpp">
      <Filter>Source Files</Filter>
    </ClCompile>
    <ClCompile Include="..\Interpolation\BSPLINE.cpp">
      <Filter>Source Files</Filter>
    </ClCompile>
    <ClCompile Include="..\Nonlinear_Equations\NEWTONS_METHOD.cpp">
      <Filter>Source Files</Filter>
    </ClCompile>
    <ClCompile Include="..\Nonlinear_Equations\ITERATIVE_SOLVER.cpp">
      <Filter>Source Files</Filter>
    </ClCompile>
    <ClCompile Include="..\Nonlinear_Equations\NONLINEAR_FUNCTION.cpp">
      <Filter>Source Files</Filter>
    </ClCompile>
    <ClCompile Include="..\Nonlinear_Equations\LINE_SEARCH.cpp">
      <Filter>Source Files</Filter>
    </ClCompile>
    <ClCompile Include="..\Nonlinear_Equations\PARAMETRIC_LINE.cpp">
      <Filter>Source Files</Filter>
    </ClCompile>
    <ClCompile Include="..\Optimization\LINEAR_PROGRAMMING.cpp">
      <Filter>Source Files</Filter>
    </ClCompile>
    <ClCompile Include="..\Optimization\QUADRATIC_PROGRAMMING.cpp">
      <Filter>Source Files</Filter>
    </ClCompile>
    <ClCompile Include="..\Auto_Diff\AUTO_HESS.cpp">
      <Filter>Source Files</Filter>
    </ClCompile>
    <ClCompile Include="..\Grids_Uniform_Interpolation\LINEAR_INTERPOLATION_MAC_2D_HELPER.cpp">
      <Filter>Source Files</Filter>
    </ClCompile>
    <ClCompile Include="..\Grids_Uniform_Interpolation\CUBIC_MN_INTERPOLATION_UNIFORM.cpp">
      <Filter>Source Files</Filter>
    </ClCompile>
    <ClCompile Include="..\Grids_Uniform_Interpolation\LINEAR_INTERPOLATION_MAC_3D_HELPER.cpp">
      <Filter>Source Files</Filter>
    </ClCompile>
    <ClCompile Include="..\Grids_Uniform_Interpolation\QUADRATIC_INTERPOLATION_UNIFORM.cpp">
      <Filter>Source Files</Filter>
    </ClCompile>
    <ClCompile Include="..\Grids_Uniform_Interpolation\LINEAR_INTERPOLATION_UNIFORM.cpp">
      <Filter>Source Files</Filter>
    </ClCompile>
    <ClCompile Include="..\Grids_Uniform_Interpolation\CUBIC_SPLINE_INTERPOLATION_UNIFORM.cpp">
      <Filter>Source Files</Filter>
    </ClCompile>
    <ClCompile Include="..\Read_Write\MATLAB_OUTPUT.cpp">
      <Filter>Source Files</Filter>
    </ClCompile>
    <ClCompile Include="..\Read_Write\ZIP.cpp">
      <Filter>Source Files</Filter>
    </ClCompile>
    <ClCompile Include="..\Read_Write\OCTAVE_OUTPUT.cpp">
      <Filter>Source Files</Filter>
    </ClCompile>
    <ClCompile Include="..\Read_Write\FILE_UTILITIES.cpp">
      <Filter>Source Files</Filter>
    </ClCompile>
    <ClCompile Include="..\Read_Write\GNUPLOT_OUTPUT.cpp">
      <Filter>Source Files</Filter>
    </ClCompile>
    <ClCompile Include="..\Ordinary_Differential_Equations\EXAMPLE.cpp">
      <Filter>Source Files</Filter>
    </ClCompile>
    <ClCompile Include="..\Ordinary_Differential_Equations\EULER_STEP_PARTICLES.cpp">
      <Filter>Source Files</Filter>
    </ClCompile>
    <ClCompile Include="..\Ordinary_Differential_Equations\DRIVER.cpp">
      <Filter>Source Files</Filter>
    </ClCompile>
    <ClCompile Include="..\Particles_Interpolation\SCATTERED_INTERPOLATION.cpp">
      <Filter>Source Files</Filter>
    </ClCompile>
    <ClCompile Include="..\Fourier_Transforms\FFT.cpp">
      <Filter>Source Files</Filter>
    </ClCompile>
    <ClCompile Include="..\Fourier_Transforms\FFT_2D.cpp">
      <Filter>Source Files</Filter>
    </ClCompile>
    <ClCompile Include="..\Fourier_Transforms\FFT_3D.cpp">
      <Filter>Source Files</Filter>
    </ClCompile>
    <ClCompile Include="..\Fourier_Transforms\FFT_1D.cpp">
      <Filter>Source Files</Filter>
    </ClCompile>
    <ClCompile Include="..\Data_Structures\RED_BLACK_TREE.cpp">
      <Filter>Source Files</Filter>
    </ClCompile>
    <ClCompile Include="..\Data_Structures\KD_TREE.cpp">
      <Filter>Source Files</Filter>
    </ClCompile>
    <ClCompile Include="..\Data_Structures\UNDIRECTED_GRAPH.cpp">
      <Filter>Source Files</Filter>
    </ClCompile>
    <ClCompile Include="..\Data_Structures\FLOOD_FILL_GRAPH.cpp">
      <Filter>Source Files</Filter>
    </ClCompile>
    <ClCompile Include="..\Data_Structures\FORCE_ELEMENTS.cpp">
      <Filter>Source Files</Filter>
    </ClCompile>
    <ClCompile Include="..\Data_Structures\DYNAMIC_LIST.cpp">
      <Filter>Source Files</Filter>
    </ClCompile>
    <ClCompile Include="..\Data_Structures\DIRECTED_GRAPH.cpp">
      <Filter>Source Files</Filter>
    </ClCompile>
    <ClCompile Include="..\Math_Tools\RANGE.cpp">
      <Filter>Source Files</Filter>
    </ClCompile>
    <ClCompile Include="..\Arrays\ARRAY.cpp">
      <Filter>Source Files</Filter>
    </ClCompile>
    <ClCompile Include="..\Matrices\SYMMETRIC_MATRIX_NXN.cpp">
      <Filter>Source Files</Filter>
    </ClCompile>
    <ClCompile Include="..\Matrices\BANDED_SYMMETRIC_MATRIX.cpp">
      <Filter>Source Files</Filter>
    </ClCompile>
    <ClCompile Include="..\Matrices\SPARSE_MATRIX_FLAT_MXN.cpp">
      <Filter>Source Files</Filter>
    </ClCompile>
    <ClCompile Include="..\Matrices\MATRIX_3X3.cpp">
      <Filter>Source Files</Filter>
    </ClCompile>
    <ClCompile Include="..\Matrices\ROTATION.cpp">
      <Filter>Source Files</Filter>
    </ClCompile>
    <ClCompile Include="..\Matrices\MATRIX_3X2.cpp">
      <Filter>Source Files</Filter>
    </ClCompile>
    <ClCompile Include="..\Matrices\SYSTEM_MATRIX_HELPER.cpp">
      <Filter>Source Files</Filter>
    </ClCompile>
    <ClCompile Include="..\Matrices\SYMMETRIC_MATRIX_3X3.cpp">
      <Filter>Source Files</Filter>
    </ClCompile>
    <ClCompile Include="..\Matrices\MATRIX_BASE.cpp">
      <Filter>Source Files</Filter>
    </ClCompile>
    <ClCompile Include="..\Matrices\MATRIX_4X4.cpp">
      <Filter>Source Files</Filter>
    </ClCompile>
    <ClCompile Include="..\Grids_Uniform_Advection\ADVECTION_HAMILTON_JACOBI_ENO.cpp">
      <Filter>Source Files</Filter>
    </ClCompile>
    <ClCompile Include="..\Grids_Uniform_Advection\ADVECTION_MACCORMACK_UNIFORM.cpp">
      <Filter>Source Files</Filter>
    </ClCompile>
    <ClCompile Include="..\Grids_Uniform_Advection\ADVECTION_CONSERVATIVE_ENO.cpp">
      <Filter>Source Files</Filter>
    </ClCompile>
    <ClCompile Include="..\Grids_Uniform_Advection\ADVECTION_SEMI_LAGRANGIAN_UNIFORM.cpp">
      <Filter>Source Files</Filter>
    </ClCompile>
    <ClCompile Include="..\Grids_Uniform_Advection\ADVECTION_SEPARABLE_UNIFORM.cpp">
      <Filter>Source Files</Filter>
    </ClCompile>
    <ClCompile Include="..\Grids_Uniform_Advection\ADVECTION_HAMILTON_JACOBI_WENO.cpp">
      <Filter>Source Files</Filter>
    </ClCompile>
    <ClCompile Include="..\Grids_Uniform_Advection\ADVECTION_SEMI_LAGRANGIAN_UNIFORM_BETA.cpp">
      <Filter>Source Files</Filter>
    </ClCompile>
    <ClCompile Include="..\Parallel_Computation\MPI_GRID.cpp">
      <Filter>Source Files</Filter>
    </ClCompile>
    <ClCompile Include="..\Parallel_Computation\LOCAL_GRID.cpp">
      <Filter>Source Files</Filter>
    </ClCompile>
    <ClCompile Include="..\Parallel_Computation\BOUNDARY_MPI.cpp">
      <Filter>Source Files</Filter>
    </ClCompile>
    <ClCompile Include="..\Parallel_Computation\LAPLACE_MPI.cpp">
      <Filter>Source Files</Filter>
    </ClCompile>
    <ClCompile Include="..\Parallel_Computation\MPI_UNIFORM_GRID.cpp">
      <Filter>Source Files</Filter>
    </ClCompile>
    <ClCompile Include="..\Parallel_Computation\MPI_WORLD.cpp">
      <Filter>Source Files</Filter>
    </ClCompile>
    <ClCompile Include="..\Parallel_Computation\PCG_SPARSE_MPI_THREADED.cpp">
      <Filter>Source Files</Filter>
    </ClCompile>
    <ClCompile Include="..\Parallel_Computation\FLOOD_FILL_MPI.cpp">
      <Filter>Source Files</Filter>
    </ClCompile>
    <ClCompile Include="..\Parallel_Computation\PCG_SPARSE_THREADED.cpp">
      <Filter>Source Files</Filter>
    </ClCompile>
    <ClCompile Include="..\Parallel_Computation\LAPLACE_UNIFORM_MPI.cpp">
      <Filter>Source Files</Filter>
    </ClCompile>
    <ClCompile Include="..\Parallel_Computation\THREAD_QUEUE.cpp">
      <Filter>Source Files</Filter>
    </ClCompile>
    <ClCompile Include="..\Parallel_Computation\THREADED_UNIFORM_GRID.cpp">
      <Filter>Source Files</Filter>
    </ClCompile>
    <ClCompile Include="..\Parallel_Computation\MPI_UTILITIES.cpp">
      <Filter>Source Files</Filter>
    </ClCompile>
    <ClCompile Include="..\Parallel_Computation\THREADED_ADVECTION_SEMI_LAGRANGIAN_UNIFORM.cpp">
      <Filter>Source Files</Filter>
    </ClCompile>
    <ClCompile Include="..\Parallel_Computation\PCG_SPARSE_MPI.cpp">
      <Filter>Source Files</Filter>
    </ClCompile>
    <ClCompile Include="..\Log\DEBUG_SUBSTEPS.cpp">
      <Filter>Source Files</Filter>
    </ClCompile>
    <ClCompile Include="..\Log\LOG_PRINTF.cpp">
      <Filter>Source Files</Filter>
    </ClCompile>
    <ClCompile Include="..\Log\LOG_ENTRY.cpp">
      <Filter>Source Files</Filter>
    </ClCompile>
    <ClCompile Include="..\Log\DEBUG_UTILITIES.cpp">
      <Filter>Source Files</Filter>
    </ClCompile>
    <ClCompile Include="..\Log\LOG.cpp">
      <Filter>Source Files</Filter>
    </ClCompile>
    <ClCompile Include="..\Log\DEBUG_PRINT.cpp">
      <Filter>Source Files</Filter>
    </ClCompile>
    <ClCompile Include="..\Parsing\STRING_UTILITIES.cpp">
      <Filter>Source Files</Filter>
    </ClCompile>
    <ClCompile Include="..\Parsing\GENERIC_PARSER.cpp">
      <Filter>Source Files</Filter>
    </ClCompile>
    <ClCompile Include="..\Parsing\PARSE_ARGS.cpp">
      <Filter>Source Files</Filter>
    </ClCompile>
    <ClCompile Include="..\Parsing\PARAMETER_LIST.cpp">
      <Filter>Source Files</Filter>
    </ClCompile>
    <ClCompile Include="..\Random_Numbers\RANDOM_NUMBERS.cpp">
      <Filter>Source Files</Filter>
    </ClCompile>
    <ClCompile Include="..\Random_Numbers\NOISE.cpp">
      <Filter>Source Files</Filter>
    </ClCompile>
    <ClCompile Include="..\Random_Numbers\MT19937.cpp">
      <Filter>Source Files</Filter>
    </ClCompile>
    <ClCompile Include="..\Clone\CLONE_ARRAY.cpp">
      <Filter>Source Files</Filter>
    </ClCompile>
    <ClCompile Include="..\Symbolics\DOMINATORS.cpp">
      <Filter>Source Files</Filter>
    </ClCompile>
    <ClCompile Include="..\Symbolics\CODE_BLOCK.cpp">
      <Filter>Source Files</Filter>
    </ClCompile>
    <ClCompile Include="..\Symbolics\CODE_BLOCK_NODE.cpp">
      <Filter>Source Files</Filter>
    </ClCompile>
    <ClCompile Include="..\Symbolics\MULTIVARIATE_POLYNOMIAL.cpp">
      <Filter>Source Files</Filter>
    </ClCompile>
    <ClCompile Include="..\Symbolics\PROGRAM.cpp">
      <Filter>Source Files</Filter>
    </ClCompile>
    <ClCompile Include="..\Symbolics\PROGRAM_CONTEXT.cpp">
      <Filter>Source Files</Filter>
    </ClCompile>
    <ClCompile Include="..\Grids_Uniform_Boundaries\BOUNDARY_MAC_GRID_PERIODIC.cpp">
      <Filter>Source Files</Filter>
    </ClCompile>
    <ClCompile Include="..\Grids_Uniform_Boundaries\BOUNDARY_REFLECTION_UNIFORM.cpp">
      <Filter>Source Files</Filter>
    </ClCompile>
    <ClCompile Include="..\Grids_Uniform_Boundaries\BOUNDARY_PERIODIC.cpp">
      <Filter>Source Files</Filter>
    </ClCompile>
    <ClCompile Include="..\Grids_Uniform_Boundaries\BOUNDARY_EXTRAPOLATE_CELL.cpp">
      <Filter>Source Files</Filter>
    </ClCompile>
    <ClCompile Include="..\Grids_Uniform_Boundaries\BOUNDARY_REFLECTION_ATTENUATION.cpp">
      <Filter>Source Files</Filter>
    </ClCompile>
    <ClCompile Include="..\Images\PNG_FILE.cpp">
      <Filter>Source Files</Filter>
    </ClCompile>
    <ClCompile Include="..\Images\MOV_FILE.cpp">
      <Filter>Source Files</Filter>
    </ClCompile>
    <ClCompile Include="..\Images\RGB_FILE.cpp">
      <Filter>Source Files</Filter>
    </ClCompile>
    <ClCompile Include="..\Images\IMAGE.cpp">
      <Filter>Source Files</Filter>
    </ClCompile>
    <ClCompile Include="..\Images\PPM_FILE.cpp">
      <Filter>Source Files</Filter>
    </ClCompile>
    <ClCompile Include="..\Images\JPG_FILE.cpp">
      <Filter>Source Files</Filter>
    </ClCompile>
    <ClCompile Include="..\Images\BMP_FILE.cpp">
      <Filter>Source Files</Filter>
    </ClCompile>
    <ClCompile Include="..\Boundaries\BOUNDARY.cpp">
      <Filter>Source Files</Filter>
    </ClCompile>
    <ClCompile Include="..\Fourier_Transforms_Calculations\TURBULENCE.cpp">
      <Filter>Source Files</Filter>
    </ClCompile>
    <ClCompile Include="..\Polynomials\QUADRATIC.cpp">
      <Filter>Source Files</Filter>
    </ClCompile>
    <ClCompile Include="..\Polynomials\CUBIC.cpp">
      <Filter>Source Files</Filter>
    </ClCompile>
    <ClCompile Include="..\Extrapolation\EXTRAPOLATION_HIGHER_ORDER_POLY.cpp">
      <Filter>Source Files</Filter>
    </ClCompile>
    <ClCompile Include="..\Adaptive_Arithmetic\EXACT_FLOAT.cpp">
      <Filter>Source Files</Filter>
    </ClCompile>
    <ClCompile Include="..\Adaptive_Arithmetic\EXACT_RATIONAL.cpp">
      <Filter>Source Files</Filter>
    </ClCompile>
    <ClCompile Include="..\Adaptive_Arithmetic\EXPANSION_ARITHMETIC.cpp">
      <Filter>Source Files</Filter>
    </ClCompile>
   </ItemGroup>
  <ItemGroup>
    <ClInclude Include="..\Grids_Uniform_PDE_Linear\LAPLACE_UNIFORM.h">
      <Filter>Header Files</Filter>
    </ClInclude>
    <ClInclude Include="..\Grids_Uniform_PDE_Linear\POISSON_UNIFORM.h">
      <Filter>Header Files</Filter>
    </ClInclude>
    <ClInclude Include="..\Grids_Uniform_PDE_Linear\PROJECTION_UNIFORM.h">
      <Filter>Header Files</Filter>
    </ClInclude>
    <ClInclude Include="..\Grids_Uniform_Computations\GRADIENT_UNIFORM.h">
      <Filter>Header Files</Filter>
    </ClInclude>
    <ClInclude Include="..\Grids_Uniform_Computations\VORTICITY_UNIFORM.h">
      <Filter>Header Files</Filter>
    </ClInclude>
    <ClInclude Include="..\Grids_Uniform_Computations\SMOOTH_UNIFORM.h">
      <Filter>Header Files</Filter>
    </ClInclude>
    <ClInclude Include="..\Particles\PARTICLES_FORWARD.h">
      <Filter>Header Files</Filter>
    </ClInclude>
    <ClInclude Include="..\Particles\PARTICLES.h">
      <Filter>Header Files</Filter>
    </ClInclude>
    <ClInclude Include="..\Particles\PARTICLES_SUBSET.h">
      <Filter>Header Files</Filter>
    </ClInclude>
    <ClInclude Include="..\Particles\ARRAY_COLLECTION_ELEMENT.h">
      <Filter>Header Files</Filter>
    </ClInclude>
    <ClInclude Include="..\Particles\ARRAY_COLLECTION_ELEMENT_BASE.h">
      <Filter>Header Files</Filter>
    </ClInclude>
    <ClInclude Include="..\Particles\POINTS_POOL.h">
      <Filter>Header Files</Filter>
    </ClInclude>
    <ClInclude Include="..\Utilities\STATIC_ASSERT.h">
      <Filter>Header Files</Filter>
    </ClInclude>
    <ClInclude Include="..\Utilities\TEST_BASE.h">
      <Filter>Header Files</Filter>
    </ClInclude>
    <ClInclude Include="..\Utilities\Find_Type.h">
      <Filter>Header Files</Filter>
    </ClInclude>
    <ClInclude Include="..\Utilities\NONCOPYABLE.h">
      <Filter>Header Files</Filter>
    </ClInclude>
    <ClInclude Include="..\Utilities\TIMER.h">
      <Filter>Header Files</Filter>
    </ClInclude>
    <ClInclude Include="..\Utilities\DEBUG_CAST.h">
      <Filter>Header Files</Filter>
    </ClInclude>
    <ClInclude Include="..\Utilities\INTERRUPTS.h">
      <Filter>Header Files</Filter>
    </ClInclude>
    <ClInclude Include="..\Utilities\EXCEPTIONS.h">
      <Filter>Header Files</Filter>
    </ClInclude>
    <ClInclude Include="..\Utilities\PROCESS_UTILITIES.h">
      <Filter>Header Files</Filter>
    </ClInclude>
    <ClInclude Include="..\Utilities\PHYSBAM_OVERRIDE.h">
      <Filter>Header Files</Filter>
    </ClInclude>
    <ClInclude Include="..\Utilities\TYPE_UTILITIES.h">
      <Filter>Header Files</Filter>
    </ClInclude>
    <ClInclude Include="..\Utilities\POINTER_POOL.h">
      <Filter>Header Files</Filter>
    </ClInclude>
    <ClInclude Include="..\Grids_Uniform_Arrays\GRIDS_UNIFORM_ARRAYS_FORWARD.h">
      <Filter>Header Files</Filter>
    </ClInclude>
    <ClInclude Include="..\Grids_Uniform_Arrays\ARRAYS_UTILITIES.h">
      <Filter>Header Files</Filter>
    </ClInclude>
    <ClInclude Include="..\Grids_Uniform_Arrays\FACE_ARRAYS_BINARY_UNIFORM.h">
      <Filter>Header Files</Filter>
    </ClInclude>
    <ClInclude Include="..\Grids_Uniform_Arrays\ARRAYS_ND_VIEW.h">
      <Filter>Header Files</Filter>
    </ClInclude>
    <ClInclude Include="..\Grids_Uniform_Arrays\ARRAYS_ND_BASE.h">
      <Filter>Header Files</Filter>
    </ClInclude>
    <ClInclude Include="..\Grids_Uniform_Arrays\ARRAYS_ND.h">
      <Filter>Header Files</Filter>
    </ClInclude>
    <ClInclude Include="..\Grids_Uniform_Arrays\FACE_ARRAYS.h">
      <Filter>Header Files</Filter>
    </ClInclude>
    <ClInclude Include="..\Grids_Uniform_Arrays\ARRAYS_UNIFORM_FORWARD.h">
      <Filter>Header Files</Filter>
    </ClInclude>
    <ClInclude Include="..\Grids_Uniform_Arrays\FLOOD_FILL.h">
      <Filter>Header Files</Filter>
    </ClInclude>
    <ClInclude Include="..\Grids_Uniform\FACE_ITERATOR.h">
      <Filter>Header Files</Filter>
    </ClInclude>
    <ClInclude Include="..\Grids_Uniform\FACE_INDEX.h">
      <Filter>Header Files</Filter>
    </ClInclude>
    <ClInclude Include="..\Grids_Uniform\EDGE_ITERATOR.h">
      <Filter>Header Files</Filter>
    </ClInclude>
    <ClInclude Include="..\Grids_Uniform\UNIFORM_GRID_FORWARD.h">
      <Filter>Header Files</Filter>
    </ClInclude>
    <ClInclude Include="..\Grids_Uniform\GRID.h">
      <Filter>Header Files</Filter>
    </ClInclude>
    <ClInclude Include="..\Grids_Uniform\NODE_ITERATOR.h">
      <Filter>Header Files</Filter>
    </ClInclude>
    <ClInclude Include="..\Grids_Uniform\SIDED_FACE_INDEX.h">
      <Filter>Header Files</Filter>
    </ClInclude>
    <ClInclude Include="..\Grids_Uniform\BLOCK_UNIFORM.h">
      <Filter>Header Files</Filter>
    </ClInclude>
    <ClInclude Include="..\Grids_Uniform\EDGE_INDEX.h">
      <Filter>Header Files</Filter>
    </ClInclude>
    <ClInclude Include="..\Grids_Uniform\CELL_ITERATOR.h">
      <Filter>Header Files</Filter>
    </ClInclude>
    <ClInclude Include="..\Grids_Uniform\GRID_ITERATOR_BASE.h">
      <Filter>Header Files</Filter>
    </ClInclude>
    <ClInclude Include="..\Krylov_Solvers\KRYLOV_VECTOR_BASE.h">
      <Filter>Header Files</Filter>
    </ClInclude>
    <ClInclude Include="..\Krylov_Solvers\PCG_SPARSE.h">
      <Filter>Header Files</Filter>
    </ClInclude>
    <ClInclude Include="..\Krylov_Solvers\LANCZOS_ITERATION.h">
      <Filter>Header Files</Filter>
    </ClInclude>
    <ClInclude Include="..\Krylov_Solvers\IMPLICIT_SOLVE_PARAMETERS.h">
      <Filter>Header Files</Filter>
    </ClInclude>
    <ClInclude Include="..\Krylov_Solvers\MATRIX_SYSTEM.h">
      <Filter>Header Files</Filter>
    </ClInclude>
    <ClInclude Include="..\Krylov_Solvers\GMRES.h">
      <Filter>Header Files</Filter>
    </ClInclude>
    <ClInclude Include="..\Krylov_Solvers\PCG_SPARSE_SYSTEM.h">
      <Filter>Header Files</Filter>
    </ClInclude>
    <ClInclude Include="..\Krylov_Solvers\LANCZOS_CONJUGATE_GRADIENT.h">
      <Filter>Header Files</Filter>
    </ClInclude>
    <ClInclude Include="..\Krylov_Solvers\KRYLOV_VECTOR_WRAPPER.h">
      <Filter>Header Files</Filter>
    </ClInclude>
    <ClInclude Include="..\Krylov_Solvers\CONJUGATE_GRADIENT.h">
      <Filter>Header Files</Filter>
    </ClInclude>
    <ClInclude Include="..\Krylov_Solvers\MINRES.h">
      <Filter>Header Files</Filter>
    </ClInclude>
    <ClInclude Include="..\Krylov_Solvers\CONJUGATE_RESIDUAL.h">
      <Filter>Header Files</Filter>
    </ClInclude>
    <ClInclude Include="..\Krylov_Solvers\KRYLOV_SOLVER.h">
      <Filter>Header Files</Filter>
    </ClInclude>
    <ClInclude Include="..\Krylov_Solvers\KRYLOV_SYSTEM_BASE.h">
      <Filter>Header Files</Filter>
    </ClInclude>
    <ClInclude Include="..\Krylov_Solvers\SYMMQMR.h">
      <Filter>Header Files</Filter>
    </ClInclude>
    <ClInclude Include="..\Interpolation\INTERPOLATION_CURVE.h">
      <Filter>Header Files</Filter>
    </ClInclude>
    <ClInclude Include="..\Interpolation\BSPLINE.h">
      <Filter>Header Files</Filter>
    </ClInclude>
    <ClInclude Include="..\Interpolation\INTERPOLATED_COLOR_MAP.h">
      <Filter>Header Files</Filter>
    </ClInclude>
    <ClInclude Include="..\Interpolation\BSPLINE_QUATERNION.h">
      <Filter>Header Files</Filter>
    </ClInclude>
    <ClInclude Include="..\Interpolation\CUBIC_INTERPOLATION_CURVE.h">
      <Filter>Header Files</Filter>
    </ClInclude>
    <ClInclude Include="..\Interpolation\CUBIC_MN_INTERPOLATION.h">
      <Filter>Header Files</Filter>
    </ClInclude>
    <ClInclude Include="..\Interpolation\LINEAR_INTERPOLATION.h">
      <Filter>Header Files</Filter>
    </ClInclude>
    <ClInclude Include="..\Interpolation\INTERPOLATION_FORWARD.h">
      <Filter>Header Files</Filter>
    </ClInclude>
    <ClInclude Include="..\Nonlinear_Equations\INTEGRATION.h">
      <Filter>Header Files</Filter>
    </ClInclude>
    <ClInclude Include="..\Nonlinear_Equations\PARAMETER_SPACE.h">
      <Filter>Header Files</Filter>
    </ClInclude>
    <ClInclude Include="..\Nonlinear_Equations\ITERATIVE_SOLVER.h">
      <Filter>Header Files</Filter>
    </ClInclude>
    <ClInclude Include="..\Nonlinear_Equations\NONLINEAR_FUNCTION.h">
      <Filter>Header Files</Filter>
    </ClInclude>
    <ClInclude Include="..\Nonlinear_Equations\PARAMETRIC_LINE.h">
      <Filter>Header Files</Filter>
    </ClInclude>
    <ClInclude Include="..\Nonlinear_Equations\NEWTONS_METHOD.h">
      <Filter>Header Files</Filter>
    </ClInclude>
    <ClInclude Include="..\Nonlinear_Equations\LINE_SEARCH.h">
      <Filter>Header Files</Filter>
    </ClInclude>
    <ClInclude Include="..\Optimization\LINEAR_PROGRAMMING.h">
      <Filter>Header Files</Filter>
    </ClInclude>
    <ClInclude Include="..\Optimization\QUADRATIC_PROGRAMMING.h">
      <Filter>Header Files</Filter>
    </ClInclude>
    <ClInclude Include="..\Auto_Diff\AUTO_DIFF.h">
      <Filter>Header Files</Filter>
    </ClInclude>
    <ClInclude Include="..\Auto_Diff\MAT_HOLDER.h">
      <Filter>Header Files</Filter>
    </ClInclude>
    <ClInclude Include="..\Auto_Diff\PRIMITIVE_VECTORS.h">
      <Filter>Header Files</Filter>
    </ClInclude>
    <ClInclude Include="..\Auto_Diff\GRADIENT_VEC.h">
      <Filter>Header Files</Filter>
    </ClInclude>
    <ClInclude Include="..\Auto_Diff\PRIMITIVE_TENSORS.h">
      <Filter>Header Files</Filter>
    </ClInclude>
    <ClInclude Include="..\Auto_Diff\AUTO_NO_DIFF.h">
      <Filter>Header Files</Filter>
    </ClInclude>
    <ClInclude Include="..\Auto_Diff\HESSIAN.h">
      <Filter>Header Files</Filter>
    </ClInclude>
    <ClInclude Include="..\Auto_Diff\AUTO_HESS_EXT_TEST.h">
      <Filter>Header Files</Filter>
    </ClInclude>
    <ClInclude Include="..\Auto_Diff\HESSIAN_VEC.h">
      <Filter>Header Files</Filter>
    </ClInclude>
    <ClInclude Include="..\Auto_Diff\VEC_HOLDER.h">
      <Filter>Header Files</Filter>
    </ClInclude>
    <ClInclude Include="..\Auto_Diff\AUTO_HESS.h">
      <Filter>Header Files</Filter>
    </ClInclude>
    <ClInclude Include="..\Auto_Diff\GRADIENT.h">
      <Filter>Header Files</Filter>
    </ClInclude>
    <ClInclude Include="..\Auto_Diff\AUTO_HESS_EXT.h">
      <Filter>Header Files</Filter>
    </ClInclude>
    <ClInclude Include="..\Auto_Diff\PRIMITIVE_MATRICES.h">
      <Filter>Header Files</Filter>
    </ClInclude>
    <ClInclude Include="..\Grids_Uniform_Interpolation\QUADRATIC_INTERPOLATION_UNIFORM.h">
      <Filter>Header Files</Filter>
    </ClInclude>
    <ClInclude Include="..\Grids_Uniform_Interpolation\CUBIC_MN_INTERPOLATION_UNIFORM.h">
      <Filter>Header Files</Filter>
    </ClInclude>
    <ClInclude Include="..\Grids_Uniform_Interpolation\LINEAR_INTERPOLATION_MAC.h">
      <Filter>Header Files</Filter>
    </ClInclude>
    <ClInclude Include="..\Grids_Uniform_Interpolation\CATMULL_ROM_SPLINE_INTERPOLATION.h">
      <Filter>Header Files</Filter>
    </ClInclude>
    <ClInclude Include="..\Grids_Uniform_Interpolation\LINEAR_INTERPOLATION_MAC_2D_HELPER_DEFINITIONS.h">
      <Filter>Header Files</Filter>
    </ClInclude>
    <ClInclude Include="..\Grids_Uniform_Interpolation\LINEAR_INTERPOLATION_MAC_1D_HELPER.h">
      <Filter>Header Files</Filter>
    </ClInclude>
    <ClInclude Include="..\Grids_Uniform_Interpolation\LINEAR_INTERPOLATION_MAC_3D_HELPER_DEFINITIONS.h">
      <Filter>Header Files</Filter>
    </ClInclude>
    <ClInclude Include="..\Grids_Uniform_Interpolation\INTERPOLATION_UNIFORM_FORWARD.h">
      <Filter>Header Files</Filter>
    </ClInclude>
    <ClInclude Include="..\Grids_Uniform_Interpolation\INTERPOLATION_UNIFORM.h">
      <Filter>Header Files</Filter>
    </ClInclude>
    <ClInclude Include="..\Grids_Uniform_Interpolation\LINEAR_INTERPOLATION_UNIFORM_DEFINITIONS.h">
      <Filter>Header Files</Filter>
    </ClInclude>
    <ClInclude Include="..\Grids_Uniform_Interpolation\CUBIC_SPLINE_INTERPOLATION_UNIFORM.h">
      <Filter>Header Files</Filter>
    </ClInclude>
    <ClInclude Include="..\Grids_Uniform_Interpolation\LINEAR_INTERPOLATION_MAC_3D_HELPER.h">
      <Filter>Header Files</Filter>
    </ClInclude>
    <ClInclude Include="..\Grids_Uniform_Interpolation\LINEAR_INTERPOLATION_MAC_HELPER.h">
      <Filter>Header Files</Filter>
    </ClInclude>
    <ClInclude Include="..\Grids_Uniform_Interpolation\AVERAGING_UNIFORM.h">
      <Filter>Header Files</Filter>
    </ClInclude>
    <ClInclude Include="..\Grids_Uniform_Interpolation\LINEAR_INSIDE_CONSTANT_OUTSIDE_INTERPOLATION_UNIFORM.h">
      <Filter>Header Files</Filter>
    </ClInclude>
    <ClInclude Include="..\Grids_Uniform_Interpolation\LINEAR_INTERPOLATION_UNIFORM.h">
      <Filter>Header Files</Filter>
    </ClInclude>
    <ClInclude Include="..\Grids_Uniform_Interpolation\LINEAR_INTERPOLATION_MAC_2D_HELPER.h">
      <Filter>Header Files</Filter>
    </ClInclude>
    <ClInclude Include="..\Grids_Uniform_Interpolation\FACE_LOOKUP_UNIFORM.h">
      <Filter>Header Files</Filter>
    </ClInclude>
    <ClInclude Include="..\Read_Write\OCTAVE_OUTPUT.h">
      <Filter>Header Files</Filter>
    </ClInclude>
    <ClInclude Include="..\Read_Write\READ_WRITE_FORWARD.h">
      <Filter>Header Files</Filter>
    </ClInclude>
    <ClInclude Include="..\Read_Write\FILE_UTILITIES.h">
      <Filter>Header Files</Filter>
    </ClInclude>
    <ClInclude Include="..\Read_Write\TYPED_STREAM.h">
      <Filter>Header Files</Filter>
    </ClInclude>
    <ClInclude Include="..\Read_Write\MATLAB_OUTPUT.h">
      <Filter>Header Files</Filter>
    </ClInclude>
    <ClInclude Include="..\Read_Write\ZIP.h">
      <Filter>Header Files</Filter>
    </ClInclude>
    <ClInclude Include="..\Read_Write\READ_WRITE_FUNCTIONS.h">
      <Filter>Header Files</Filter>
    </ClInclude>
    <ClInclude Include="..\Read_Write\READ_WRITE.h">
      <Filter>Header Files</Filter>
    </ClInclude>
    <ClInclude Include="..\Read_Write\GNUPLOT_OUTPUT.h">
      <Filter>Header Files</Filter>
    </ClInclude>
    <ClInclude Include="..\Vectors\SCALAR_POLICY.h">
      <Filter>Header Files</Filter>
    </ClInclude>
    <ClInclude Include="..\Vectors\STATIC_TENSOR.h">
      <Filter>Header Files</Filter>
    </ClInclude>
    <ClInclude Include="..\Vectors\TWIST.h">
      <Filter>Header Files</Filter>
    </ClInclude>
    <ClInclude Include="..\Vectors\VECTOR_3D.h">
      <Filter>Header Files</Filter>
    </ClInclude>
    <ClInclude Include="..\Vectors\Normalize.h">
      <Filter>Header Files</Filter>
    </ClInclude>
    <ClInclude Include="..\Vectors\VECTOR_FORWARD.h">
      <Filter>Header Files</Filter>
    </ClInclude>
    <ClInclude Include="..\Vectors\VECTOR_1D.h">
      <Filter>Header Files</Filter>
    </ClInclude>
    <ClInclude Include="..\Vectors\ARITHMETIC_POLICY.h">
      <Filter>Header Files</Filter>
    </ClInclude>
    <ClInclude Include="..\Vectors\VECTOR_2D.h">
      <Filter>Header Files</Filter>
    </ClInclude>
    <ClInclude Include="..\Vectors\VECTOR_UTILITIES.h">
      <Filter>Header Files</Filter>
    </ClInclude>
    <ClInclude Include="..\Vectors\COMPLEX.h">
      <Filter>Header Files</Filter>
    </ClInclude>
    <ClInclude Include="..\Vectors\VECTOR.h">
      <Filter>Header Files</Filter>
    </ClInclude>
    <ClInclude Include="..\Vectors\VECTOR_0D.h">
      <Filter>Header Files</Filter>
    </ClInclude>
    <ClInclude Include="..\Vectors\Dot_Product.h">
      <Filter>Header Files</Filter>
    </ClInclude>
    <ClInclude Include="..\Ordinary_Differential_Equations\DRIVER.h">
      <Filter>Header Files</Filter>
    </ClInclude>
    <ClInclude Include="..\Ordinary_Differential_Equations\RUNGEKUTTA.h">
      <Filter>Header Files</Filter>
    </ClInclude>
    <ClInclude Include="..\Ordinary_Differential_Equations\EXAMPLE.h">
      <Filter>Header Files</Filter>
    </ClInclude>
    <ClInclude Include="..\Ordinary_Differential_Equations\ODE_SOLVER.h">
      <Filter>Header Files</Filter>
    </ClInclude>
    <ClInclude Include="..\Ordinary_Differential_Equations\EULER_STEP_PARTICLES.h">
      <Filter>Header Files</Filter>
    </ClInclude>
    <ClInclude Include="..\Particles_Interpolation\SCATTERED_INTERPOLATION.h">
      <Filter>Header Files</Filter>
    </ClInclude>
    <ClInclude Include="..\Grids_PDE_Linear\PROJECTION.h">
      <Filter>Header Files</Filter>
    </ClInclude>
    <ClInclude Include="..\Grids_PDE_Linear\POISSON.h">
      <Filter>Header Files</Filter>
    </ClInclude>
    <ClInclude Include="..\Grids_PDE_Linear\LAPLACE.h">
      <Filter>Header Files</Filter>
    </ClInclude>
    <ClInclude Include="..\Fourier_Transforms\FFT_3D.h">
      <Filter>Header Files</Filter>
    </ClInclude>
    <ClInclude Include="..\Fourier_Transforms\FFT_1D.h">
      <Filter>Header Files</Filter>
    </ClInclude>
    <ClInclude Include="..\Fourier_Transforms\FFTW.h">
      <Filter>Header Files</Filter>
    </ClInclude>
    <ClInclude Include="..\Fourier_Transforms\FFT_POLICY.h">
      <Filter>Header Files</Filter>
    </ClInclude>
    <ClInclude Include="..\Fourier_Transforms\FFT_2D.h">
      <Filter>Header Files</Filter>
    </ClInclude>
    <ClInclude Include="..\Fourier_Transforms\FFT.h">
      <Filter>Header Files</Filter>
    </ClInclude>
    <ClInclude Include="..\Data_Structures\HASHTABLE.h">
      <Filter>Header Files</Filter>
    </ClInclude>
    <ClInclude Include="..\Data_Structures\SPARSE_UNION_FIND.h">
      <Filter>Header Files</Filter>
    </ClInclude>
    <ClInclude Include="..\Data_Structures\UNION_FIND.h">
      <Filter>Header Files</Filter>
    </ClInclude>
    <ClInclude Include="..\Data_Structures\OPERATION_HASH.h">
      <Filter>Header Files</Filter>
    </ClInclude>
    <ClInclude Include="..\Data_Structures\PAIR.h">
      <Filter>Header Files</Filter>
    </ClInclude>
    <ClInclude Include="..\Data_Structures\KD_TREE.h">
      <Filter>Header Files</Filter>
    </ClInclude>
    <ClInclude Include="..\Data_Structures\UNDIRECTED_GRAPH.h">
      <Filter>Header Files</Filter>
    </ClInclude>
    <ClInclude Include="..\Data_Structures\DIRECTED_GRAPH.h">
      <Filter>Header Files</Filter>
    </ClInclude>
    <ClInclude Include="..\Data_Structures\FLOOD_FILL_GRAPH.h">
      <Filter>Header Files</Filter>
    </ClInclude>
    <ClInclude Include="..\Data_Structures\GRAPH.h">
      <Filter>Header Files</Filter>
    </ClInclude>
    <ClInclude Include="..\Data_Structures\RED_BLACK_TREE.h">
      <Filter>Header Files</Filter>
    </ClInclude>
    <ClInclude Include="..\Data_Structures\TRIPLE.h">
      <Filter>Header Files</Filter>
    </ClInclude>
    <ClInclude Include="..\Data_Structures\QUEUE.h">
      <Filter>Header Files</Filter>
    </ClInclude>
    <ClInclude Include="..\Data_Structures\ELEMENT_ID.h">
      <Filter>Header Files</Filter>
    </ClInclude>
    <ClInclude Include="..\Data_Structures\STACK.h">
      <Filter>Header Files</Filter>
    </ClInclude>
    <ClInclude Include="..\Data_Structures\KD_TREE_NODE.h">
      <Filter>Header Files</Filter>
    </ClInclude>
    <ClInclude Include="..\Data_Structures\DATA_STRUCTURES_FORWARD.h">
      <Filter>Header Files</Filter>
    </ClInclude>
    <ClInclude Include="..\Data_Structures\HASHTABLE_ITERATOR.h">
      <Filter>Header Files</Filter>
    </ClInclude>
    <ClInclude Include="..\Data_Structures\HASH_REDUCE.h">
      <Filter>Header Files</Filter>
    </ClInclude>
    <ClInclude Include="..\Data_Structures\HEAPIFY.h">
      <Filter>Header Files</Filter>
    </ClInclude>
    <ClInclude Include="..\Data_Structures\DYNAMIC_LIST.h">
      <Filter>Header Files</Filter>
    </ClInclude>
    <ClInclude Include="..\Data_Structures\FORCE_ELEMENTS.h">
      <Filter>Header Files</Filter>
    </ClInclude>
    <ClInclude Include="..\Math_Tools\exchange.h">
      <Filter>Header Files</Filter>
    </ClInclude>
    <ClInclude Include="..\Math_Tools\Robust_Arithmetic.h">
      <Filter>Header Files</Filter>
    </ClInclude>
    <ClInclude Include="..\Math_Tools\sqr.h">
      <Filter>Header Files</Filter>
    </ClInclude>
    <ClInclude Include="..\Math_Tools\minabs.h">
      <Filter>Header Files</Filter>
    </ClInclude>
    <ClInclude Include="..\Math_Tools\FACTORIAL.h">
      <Filter>Header Files</Filter>
    </ClInclude>
    <ClInclude Include="..\Math_Tools\COUNT_BITS.h">
      <Filter>Header Files</Filter>
    </ClInclude>
    <ClInclude Include="..\Math_Tools\ONE.h">
      <Filter>Header Files</Filter>
    </ClInclude>
    <ClInclude Include="..\Math_Tools\maxabs.h">
      <Filter>Header Files</Filter>
    </ClInclude>
    <ClInclude Include="..\Math_Tools\argmax.h">
      <Filter>Header Files</Filter>
    </ClInclude>
    <ClInclude Include="..\Math_Tools\cyclic_shift.h">
      <Filter>Header Files</Filter>
    </ClInclude>
    <ClInclude Include="..\Math_Tools\argmin.h">
      <Filter>Header Files</Filter>
    </ClInclude>
    <ClInclude Include="..\Math_Tools\sign.h">
      <Filter>Header Files</Filter>
    </ClInclude>
    <ClInclude Include="..\Math_Tools\max.h">
      <Filter>Header Files</Filter>
    </ClInclude>
    <ClInclude Include="..\Math_Tools\clamp.h">
      <Filter>Header Files</Filter>
    </ClInclude>
    <ClInclude Include="..\Math_Tools\Inverse.h">
      <Filter>Header Files</Filter>
    </ClInclude>
    <ClInclude Include="..\Math_Tools\cube.h">
      <Filter>Header Files</Filter>
    </ClInclude>
    <ClInclude Include="..\Math_Tools\rint.h">
      <Filter>Header Files</Filter>
    </ClInclude>
    <ClInclude Include="..\Math_Tools\Robust_Functions.h">
      <Filter>Header Files</Filter>
    </ClInclude>
    <ClInclude Include="..\Math_Tools\permutation.h">
      <Filter>Header Files</Filter>
    </ClInclude>
    <ClInclude Include="..\Math_Tools\RANGE.h">
      <Filter>Header Files</Filter>
    </ClInclude>
    <ClInclude Include="..\Math_Tools\wrap.h">
      <Filter>Header Files</Filter>
    </ClInclude>
    <ClInclude Include="..\Math_Tools\Is_NaN.h">
      <Filter>Header Files</Filter>
    </ClInclude>
    <ClInclude Include="..\Math_Tools\constants.h">
      <Filter>Header Files</Filter>
    </ClInclude>
    <ClInclude Include="..\Math_Tools\givens_rotate.h">
      <Filter>Header Files</Filter>
    </ClInclude>
    <ClInclude Include="..\Math_Tools\choice.h">
      <Filter>Header Files</Filter>
    </ClInclude>
    <ClInclude Include="..\Math_Tools\INTERVAL.h">
      <Filter>Header Files</Filter>
    </ClInclude>
    <ClInclude Include="..\Math_Tools\minmag.h">
      <Filter>Header Files</Filter>
    </ClInclude>
    <ClInclude Include="..\Math_Tools\RANGE_ITERATOR.h">
      <Filter>Header Files</Filter>
    </ClInclude>
    <ClInclude Include="..\Math_Tools\ulp.h">
      <Filter>Header Files</Filter>
    </ClInclude>
    <ClInclude Include="..\Math_Tools\Componentwise_Min_Max.h">
      <Filter>Header Files</Filter>
    </ClInclude>
    <ClInclude Include="..\Math_Tools\integer_log.h">
      <Filter>Header Files</Filter>
    </ClInclude>
    <ClInclude Include="..\Math_Tools\min.h">
      <Filter>Header Files</Filter>
    </ClInclude>
    <ClInclude Include="..\Math_Tools\ZERO.h">
      <Filter>Header Files</Filter>
    </ClInclude>
    <ClInclude Include="..\Math_Tools\maxmag.h">
      <Filter>Header Files</Filter>
    </ClInclude>
    <ClInclude Include="..\Math_Tools\Minmod.h">
      <Filter>Header Files</Filter>
    </ClInclude>
    <ClInclude Include="..\Math_Tools\exchange_sort.h">
      <Filter>Header Files</Filter>
    </ClInclude>
    <ClInclude Include="..\Math_Tools\cbrt.h">
      <Filter>Header Files</Filter>
    </ClInclude>
    <ClInclude Include="..\Math_Tools\pow.h">
      <Filter>Header Files</Filter>
    </ClInclude>
    <ClInclude Include="..\Tensors\STATIC_TENSOR2.h">
      <Filter>Header Files</Filter>
    </ClInclude>
    <ClInclude Include="..\Advection\ADVECTION.h">
      <Filter>Header Files</Filter>
    </ClInclude>
    <ClInclude Include="..\Advection\ADVECTION_FORWARD.h">
      <Filter>Header Files</Filter>
    </ClInclude>
    <ClInclude Include="..\Arrays\ARRAY_NEGATION.h">
      <Filter>Header Files</Filter>
    </ClInclude>
    <ClInclude Include="..\Arrays\SORT.h">
      <Filter>Header Files</Filter>
    </ClInclude>
    <ClInclude Include="..\Arrays\PROJECTED_ARRAY.h">
      <Filter>Header Files</Filter>
    </ClInclude>
    <ClInclude Include="..\Arrays\ARRAY_SUM.h">
      <Filter>Header Files</Filter>
    </ClInclude>
    <ClInclude Include="..\Arrays\ARRAY_BASE.h">
      <Filter>Header Files</Filter>
    </ClInclude>
    <ClInclude Include="..\Arrays\ARRAY.h">
      <Filter>Header Files</Filter>
    </ClInclude>
    <ClInclude Include="..\Arrays\ARRAY_VIEW.h">
      <Filter>Header Files</Filter>
    </ClInclude>
    <ClInclude Include="..\Arrays\ARRAYS_FORWARD.h">
      <Filter>Header Files</Filter>
    </ClInclude>
    <ClInclude Include="..\Arrays\ARRAY_EXPRESSION.h">
      <Filter>Header Files</Filter>
    </ClInclude>
    <ClInclude Include="..\Arrays\ATTRIBUTE_ID.h">
      <Filter>Header Files</Filter>
    </ClInclude>
    <ClInclude Include="..\Arrays\INDIRECT_ARRAY.h">
      <Filter>Header Files</Filter>
    </ClInclude>
    <ClInclude Include="..\Arrays\ARRAY_PRODUCT.h">
      <Filter>Header Files</Filter>
    </ClInclude>
    <ClInclude Include="..\Arrays\IDENTITY_ARRAY.h">
      <Filter>Header Files</Filter>
    </ClInclude>
    <ClInclude Include="..\Arrays\ARRAY_DIFFERENCE.h">
      <Filter>Header Files</Filter>
    </ClInclude>
    <ClInclude Include="..\Arrays\ARRAY_LEFT_MULTIPLE.h">
      <Filter>Header Files</Filter>
    </ClInclude>
    <ClInclude Include="..\Arrays\ARRAY_QUOTIENT.h">
      <Filter>Header Files</Filter>
    </ClInclude>
    <ClInclude Include="..\Arrays\ARRAY_PLUS_SCALAR.h">
      <Filter>Header Files</Filter>
    </ClInclude>
    <ClInclude Include="..\Arrays\CONSTANT_ARRAY.h">
      <Filter>Header Files</Filter>
    </ClInclude>
    <ClInclude Include="..\Matrices\SYMMETRIC_MATRIX_2X2.h">
      <Filter>Header Files</Filter>
    </ClInclude>
    <ClInclude Include="..\Matrices\ROTATION.h">
      <Filter>Header Files</Filter>
    </ClInclude>
    <ClInclude Include="..\Matrices\MATRIX_4X4.h">
      <Filter>Header Files</Filter>
    </ClInclude>
    <ClInclude Include="..\Matrices\SYMMETRIC_MATRIX_NXN.h">
      <Filter>Header Files</Filter>
    </ClInclude>
    <ClInclude Include="..\Matrices\MATRIX_1X1.h">
      <Filter>Header Files</Filter>
    </ClInclude>
    <ClInclude Include="..\Matrices\QUATERNION.h">
      <Filter>Header Files</Filter>
    </ClInclude>
    <ClInclude Include="..\Matrices\MATRIX_3X3.h">
      <Filter>Header Files</Filter>
    </ClInclude>
    <ClInclude Include="..\Matrices\FRAME.h">
      <Filter>Header Files</Filter>
    </ClInclude>
    <ClInclude Include="..\Matrices\SYMMETRIC_MATRIX.h">
      <Filter>Header Files</Filter>
    </ClInclude>
    <ClInclude Include="..\Matrices\UPPER_TRIANGULAR_MATRIX_2X2.h">
      <Filter>Header Files</Filter>
    </ClInclude>
    <ClInclude Include="..\Matrices\SPARSE_MATRIX_FLAT_MXN.h">
      <Filter>Header Files</Filter>
    </ClInclude>
    <ClInclude Include="..\Matrices\SYSTEM_MATRIX_HELPER.h">
      <Filter>Header Files</Filter>
    </ClInclude>
    <ClInclude Include="..\Matrices\SYMMETRIC_MATRIX_1X1.h">
      <Filter>Header Files</Filter>
    </ClInclude>
    <ClInclude Include="..\Matrices\MATRIX_0X0.h">
      <Filter>Header Files</Filter>
    </ClInclude>
    <ClInclude Include="..\Matrices\MATRIX_FORWARD.h">
      <Filter>Header Files</Filter>
    </ClInclude>
    <ClInclude Include="..\Matrices\MATRIX_MXN.h">
      <Filter>Header Files</Filter>
    </ClInclude>
    <ClInclude Include="..\Matrices\UPPER_TRIANGULAR_MATRIX_0X0.h">
      <Filter>Header Files</Filter>
    </ClInclude>
    <ClInclude Include="..\Matrices\MATRIX_2X2.h">
      <Filter>Header Files</Filter>
    </ClInclude>
    <ClInclude Include="..\Matrices\TRANSPOSE_MATRIX.h">
      <Filter>Header Files</Filter>
    </ClInclude>
    <ClInclude Include="..\Matrices\SYMMETRIC_MATRIX_0X0.h">
      <Filter>Header Files</Filter>
    </ClInclude>
    <ClInclude Include="..\Matrices\DIAGONAL_MATRIX.h">
      <Filter>Header Files</Filter>
    </ClInclude>
    <ClInclude Include="..\Matrices\MATRIX_2X3.h">
      <Filter>Header Files</Filter>
    </ClInclude>
    <ClInclude Include="..\Matrices\SPARSE_MATRIX_ROW.h">
      <Filter>Header Files</Filter>
    </ClInclude>
    <ClInclude Include="..\Matrices\MATRIX_BASE.h">
      <Filter>Header Files</Filter>
    </ClInclude>
    <ClInclude Include="..\Matrices\UPPER_TRIANGULAR_MATRIX_1X1.h">
      <Filter>Header Files</Filter>
    </ClInclude>
    <ClInclude Include="..\Matrices\BANDED_SYMMETRIC_MATRIX.h">
      <Filter>Header Files</Filter>
    </ClInclude>
    <ClInclude Include="..\Matrices\SYMMETRIC_MATRIX_3X3.h">
      <Filter>Header Files</Filter>
    </ClInclude>
    <ClInclude Include="..\Matrices\MATRIX.h">
      <Filter>Header Files</Filter>
    </ClInclude>
    <ClInclude Include="..\Matrices\MATRIX_POLICY.h">
      <Filter>Header Files</Filter>
    </ClInclude>
    <ClInclude Include="..\Matrices\UPPER_TRIANGULAR_MATRIX_3X3.h">
      <Filter>Header Files</Filter>
    </ClInclude>
    <ClInclude Include="..\Matrices\MATRIX_3X2.h">
      <Filter>Header Files</Filter>
    </ClInclude>
    <ClInclude Include="..\Matrices\MATRIX_ARITHMETIC_POLICY.h">
      <Filter>Header Files</Filter>
    </ClInclude>
    <ClInclude Include="..\Grids_Uniform_Advection\ADVECTION_CONSERVATIVE_WENO.h">
      <Filter>Header Files</Filter>
    </ClInclude>
    <ClInclude Include="..\Grids_Uniform_Advection\ADVECTION_UNIFORM_FORWARD.h">
      <Filter>Header Files</Filter>
    </ClInclude>
    <ClInclude Include="..\Grids_Uniform_Advection\ADVECTION_SEMI_LAGRANGIAN_UNIFORM_BETA.h">
      <Filter>Header Files</Filter>
    </ClInclude>
    <ClInclude Include="..\Grids_Uniform_Advection\ADVECTION_SEPARABLE_UNIFORM.h">
      <Filter>Header Files</Filter>
    </ClInclude>
    <ClInclude Include="..\Grids_Uniform_Advection\ADVECTION_CENTRAL.h">
      <Filter>Header Files</Filter>
    </ClInclude>
    <ClInclude Include="..\Grids_Uniform_Advection\ADVECTION_NONCONSERVATIVE_FLUX_FORM_ENO.h">
      <Filter>Header Files</Filter>
    </ClInclude>
    <ClInclude Include="..\Grids_Uniform_Advection\ADVECTION_SEMI_LAGRANGIAN_UNIFORM.h">
      <Filter>Header Files</Filter>
    </ClInclude>
    <ClInclude Include="..\Grids_Uniform_Advection\ADVECTION_MACCORMACK_UNIFORM.h">
      <Filter>Header Files</Filter>
    </ClInclude>
    <ClInclude Include="..\Grids_Uniform_Advection\ADVECTION_CONSERVATIVE_ENO.h">
      <Filter>Header Files</Filter>
    </ClInclude>
    <ClInclude Include="..\Grids_Uniform_Advection\ADVECTION_POLICY_UNIFORM.h">
      <Filter>Header Files</Filter>
    </ClInclude>
    <ClInclude Include="..\Grids_Uniform_Advection\ADVECTION_HAMILTON_JACOBI_ENO.h">
      <Filter>Header Files</Filter>
    </ClInclude>
    <ClInclude Include="..\Grids_Uniform_Advection\ADVECTION_NONCONSERVATIVE_FLUX_FORM_WENO.h">
      <Filter>Header Files</Filter>
    </ClInclude>
    <ClInclude Include="..\Grids_Uniform_Advection\ADVECTION_SEMI_LAGRANGIAN_UNIFORM_DEFINITION.h">
      <Filter>Header Files</Filter>
    </ClInclude>
    <ClInclude Include="..\Grids_Uniform_Advection\ADVECTION_HAMILTON_JACOBI_WENO.h">
      <Filter>Header Files</Filter>
    </ClInclude>
    <ClInclude Include="..\Grids_Uniform_Advection\ADVECTION_SEMI_LAGRANGIAN_UNIFORM_DEFINITION_BETA.h">
      <Filter>Header Files</Filter>
    </ClInclude>
    <ClInclude Include="..\Parallel_Computation\LOCAL_GRID.h">
      <Filter>Header Files</Filter>
    </ClInclude>
    <ClInclude Include="..\Parallel_Computation\THREAD_QUEUE.h">
      <Filter>Header Files</Filter>
    </ClInclude>
    <ClInclude Include="..\Parallel_Computation\LAPLACE_MPI.h">
      <Filter>Header Files</Filter>
    </ClInclude>
    <ClInclude Include="..\Parallel_Computation\THREADED_ADVECTION_SEMI_LAGRANGIAN_TASK.h">
      <Filter>Header Files</Filter>
    </ClInclude>
    <ClInclude Include="..\Parallel_Computation\INT_ITERATOR_THREADED.h">
      <Filter>Header Files</Filter>
    </ClInclude>
    <ClInclude Include="..\Parallel_Computation\THREADED_ADVECTION_SEMI_LAGRANGIAN_UNIFORM.h">
      <Filter>Header Files</Filter>
    </ClInclude>
    <ClInclude Include="..\Parallel_Computation\THREADED_ADVECTION_SEMI_LAGRANGIAN_UNIFORM_DEFINITION.h">
      <Filter>Header Files</Filter>
    </ClInclude>
    <ClInclude Include="..\Parallel_Computation\THREADED_UNIFORM_GRID.h">
      <Filter>Header Files</Filter>
    </ClInclude>
    <ClInclude Include="..\Parallel_Computation\DOMAIN_ITERATOR_THREADED.h">
      <Filter>Header Files</Filter>
    </ClInclude>
    <ClInclude Include="..\Parallel_Computation\ITERATOR_TASK.h">
      <Filter>Header Files</Filter>
    </ClInclude>
    <ClInclude Include="..\Parallel_Computation\LAPLACE_UNIFORM_MPI.h">
      <Filter>Header Files</Filter>
    </ClInclude>
    <ClInclude Include="..\Parallel_Computation\MPI_UTILITIES.h">
      <Filter>Header Files</Filter>
    </ClInclude>
    <ClInclude Include="..\Parallel_Computation\PCG_SPARSE_MPI.h">
      <Filter>Header Files</Filter>
    </ClInclude>
    <ClInclude Include="..\Parallel_Computation\MPI_UNIFORM_GRID.h">
      <Filter>Header Files</Filter>
    </ClInclude>
    <ClInclude Include="..\Parallel_Computation\BOUNDARY_THREADED.h">
      <Filter>Header Files</Filter>
    </ClInclude>
    <ClInclude Include="..\Parallel_Computation\PTHREAD.h">
      <Filter>Header Files</Filter>
    </ClInclude>
    <ClInclude Include="..\Parallel_Computation\PCG_SPARSE_THREADED.h">
      <Filter>Header Files</Filter>
    </ClInclude>
    <ClInclude Include="..\Parallel_Computation\SPARSE_MATRIX_PARTITION.h">
      <Filter>Header Files</Filter>
    </ClInclude>
    <ClInclude Include="..\Parallel_Computation\FLOOD_FILL_MPI.h">
      <Filter>Header Files</Filter>
    </ClInclude>
    <ClInclude Include="..\Parallel_Computation\MPI_GRID.h">
      <Filter>Header Files</Filter>
    </ClInclude>
    <ClInclude Include="..\Parallel_Computation\MPI_WORLD.h">
      <Filter>Header Files</Filter>
    </ClInclude>
    <ClInclude Include="..\Parallel_Computation\MPI_PACKAGE.h">
      <Filter>Header Files</Filter>
    </ClInclude>
    <ClInclude Include="..\Parallel_Computation\PARTITION_ID.h">
      <Filter>Header Files</Filter>
    </ClInclude>
    <ClInclude Include="..\Parallel_Computation\THREAD_PACKAGE.h">
      <Filter>Header Files</Filter>
    </ClInclude>
    <ClInclude Include="..\Parallel_Computation\BOUNDARY_MPI.h">
      <Filter>Header Files</Filter>
    </ClInclude>
    <ClInclude Include="..\Parallel_Computation\PCG_SPARSE_MPI_THREADED.h">
      <Filter>Header Files</Filter>
    </ClInclude>
    <ClInclude Include="..\Log\DEBUG_UTILITIES.h">
      <Filter>Header Files</Filter>
    </ClInclude>
    <ClInclude Include="..\Log\LOG_SCOPE.h">
      <Filter>Header Files</Filter>
    </ClInclude>
    <ClInclude Include="..\Log\PROGRESS_INDICATOR.h">
      <Filter>Header Files</Filter>
    </ClInclude>
    <ClInclude Include="..\Log\LOG_PRINTF.h">
      <Filter>Header Files</Filter>
    </ClInclude>
    <ClInclude Include="..\Log\DEBUG_PRINT.h">
      <Filter>Header Files</Filter>
    </ClInclude>
    <ClInclude Include="..\Log\DEBUG_SUBSTEPS.h">
      <Filter>Header Files</Filter>
    </ClInclude>
    <ClInclude Include="..\Log\LOG.h">
      <Filter>Header Files</Filter>
    </ClInclude>
    <ClInclude Include="..\Log\LOG_ENTRY.h">
      <Filter>Header Files</Filter>
    </ClInclude>
    <ClInclude Include="..\Parsing\PARSE_ARGS.h">
      <Filter>Header Files</Filter>
    </ClInclude>
    <ClInclude Include="..\Parsing\GENERIC_PARSER.h">
      <Filter>Header Files</Filter>
    </ClInclude>
    <ClInclude Include="..\Parsing\PARAMETER_LIST.h">
      <Filter>Header Files</Filter>
    </ClInclude>
    <ClInclude Include="..\Parsing\STRING_UTILITIES.h">
      <Filter>Header Files</Filter>
    </ClInclude>
    <ClInclude Include="..\Random_Numbers\MT19937.h">
      <Filter>Header Files</Filter>
    </ClInclude>
    <ClInclude Include="..\Random_Numbers\PIECEWISE_CONSTANT_PDF.h">
      <Filter>Header Files</Filter>
    </ClInclude>
    <ClInclude Include="..\Random_Numbers\NOISE.h">
      <Filter>Header Files</Filter>
    </ClInclude>
    <ClInclude Include="..\Random_Numbers\RANDOM_NUMBERS.h">
      <Filter>Header Files</Filter>
    </ClInclude>
    <ClInclude Include="..\Clone\CLONEABLE.h">
      <Filter>Header Files</Filter>
    </ClInclude>
    <ClInclude Include="..\Clone\CLONE_ARRAY.h">
      <Filter>Header Files</Filter>
    </ClInclude>
    <ClInclude Include="..\Symbolics\MULTIVARIATE_POLYNOMIAL.h">
      <Filter>Header Files</Filter>
    </ClInclude>
    <ClInclude Include="..\Symbolics\INSTRUCTION.h">
      <Filter>Header Files</Filter>
    </ClInclude>
    <ClInclude Include="..\Symbolics\CODE_BLOCK.h">
      <Filter>Header Files</Filter>
    </ClInclude>
    <ClInclude Include="..\Symbolics\CODE_BLOCK_NODE.h">
      <Filter>Header Files</Filter>
    </ClInclude>
    <ClInclude Include="..\Symbolics\PROGRAM_DEFINITIONS.h">
      <Filter>Header Files</Filter>
    </ClInclude>
    <ClInclude Include="..\Symbolics\DOMINATORS.h">
      <Filter>Header Files</Filter>
    </ClInclude>
    <ClInclude Include="..\Symbolics\PROGRAM.h">
      <Filter>Header Files</Filter>
    </ClInclude>
    <ClInclude Include="..\Symbolics\STATIC_POLYNOMIAL.h">
      <Filter>Header Files</Filter>
    </ClInclude>
    <ClInclude Include="..\Symbolics\PROGRAM_CONTEXT.h">
      <Filter>Header Files</Filter>
    </ClInclude>
    <ClInclude Include="..\Grids_Uniform_Boundaries\BOUNDARY_MULTIPLE_UNIFORM.h">
      <Filter>Header Files</Filter>
    </ClInclude>
    <ClInclude Include="..\Grids_Uniform_Boundaries\BOUNDARY_REFLECTION_UNIFORM.h">
      <Filter>Header Files</Filter>
    </ClInclude>
    <ClInclude Include="..\Grids_Uniform_Boundaries\BOUNDARY_MAC_GRID_PERIODIC.h">
      <Filter>Header Files</Filter>
    </ClInclude>
    <ClInclude Include="..\Grids_Uniform_Boundaries\BOUNDARY_PERIODIC.h">
      <Filter>Header Files</Filter>
    </ClInclude>
    <ClInclude Include="..\Grids_Uniform_Boundaries\BOUNDARY_EXTRAPOLATE_CELL.h">
      <Filter>Header Files</Filter>
    </ClInclude>
    <ClInclude Include="..\Grids_Uniform_Boundaries\BOUNDARY_REFLECTION_ATTENUATION.h">
      <Filter>Header Files</Filter>
    </ClInclude>
    <ClInclude Include="..\Images\PNG_FILE.h">
      <Filter>Header Files</Filter>
    </ClInclude>
    <ClInclude Include="..\Images\RGB_FILE.h">
      <Filter>Header Files</Filter>
    </ClInclude>
    <ClInclude Include="..\Images\RGB_HEADER.h">
      <Filter>Header Files</Filter>
    </ClInclude>
    <ClInclude Include="..\Images\PPM_FILE.h">
      <Filter>Header Files</Filter>
    </ClInclude>
    <ClInclude Include="..\Images\JPG_FILE.h">
      <Filter>Header Files</Filter>
    </ClInclude>
    <ClInclude Include="..\Images\BMP_HEADER.h">
      <Filter>Header Files</Filter>
    </ClInclude>
    <ClInclude Include="..\Images\MOV_FILE.h">
      <Filter>Header Files</Filter>
    </ClInclude>
    <ClInclude Include="..\Images\IMAGE.h">
      <Filter>Header Files</Filter>
    </ClInclude>
    <ClInclude Include="..\Images\BMP_FILE.h">
      <Filter>Header Files</Filter>
    </ClInclude>
    <ClInclude Include="..\Boundaries\BOUNDARY.h">
      <Filter>Header Files</Filter>
    </ClInclude>
    <ClInclude Include="..\Fourier_Transforms_Calculations\TURBULENCE.h">
      <Filter>Header Files</Filter>
    </ClInclude>
    <ClInclude Include="..\Polynomials\NEWTON_POLYNOMIAL.h">
      <Filter>Header Files</Filter>
    </ClInclude>
    <ClInclude Include="..\Polynomials\QUADRATIC.h">
      <Filter>Header Files</Filter>
    </ClInclude>
    <ClInclude Include="..\Polynomials\LAGRANGE_POLYNOMIAL.h">
      <Filter>Header Files</Filter>
    </ClInclude>
    <ClInclude Include="..\Polynomials\CUBIC.h">
      <Filter>Header Files</Filter>
    </ClInclude>
    <ClInclude Include="..\Polynomials\POLYNOMIAL.h">
      <Filter>Header Files</Filter>
    </ClInclude>
    <ClInclude Include="..\Extrapolation\EXTRAPOLATION_HIGHER_ORDER_POLY.h">
      <Filter>Header Files</Filter>
    </ClInclude>
    <ClInclude Include="..\Adaptive_Arithmetic\ADAPTIVE_QUOTIENT.h">
      <Filter>Header Files</Filter>
    </ClInclude>
    <ClInclude Include="..\Adaptive_Arithmetic\ADAPTIVE_OBJECT_BODY.h">
      <Filter>Header Files</Filter>
    </ClInclude>
    <ClInclude Include="..\Adaptive_Arithmetic\ADAPTIVE_PRODUCT.h">
      <Filter>Header Files</Filter>
    </ClInclude>
    <ClInclude Include="..\Adaptive_Arithmetic\EXACT_FLOAT.h">
      <Filter>Header Files</Filter>
    </ClInclude>
    <ClInclude Include="..\Adaptive_Arithmetic\ADAPTIVE_SUM.h">
      <Filter>Header Files</Filter>
    </ClInclude>
    <ClInclude Include="..\Adaptive_Arithmetic\ADAPTIVE_ATOM.h">
      <Filter>Header Files</Filter>
    </ClInclude>
    <ClInclude Include="..\Adaptive_Arithmetic\ADAPTIVE_VECTOR_OPERATION_POLICY.h">
      <Filter>Header Files</Filter>
    </ClInclude>
    <ClInclude Include="..\Adaptive_Arithmetic\ADAPTIVE_OP.h">
      <Filter>Header Files</Filter>
    </ClInclude>
    <ClInclude Include="..\Adaptive_Arithmetic\ADAPTIVE_SIGNED_VOLUME.h">
      <Filter>Header Files</Filter>
    </ClInclude>
    <ClInclude Include="..\Adaptive_Arithmetic\ADAPTIVE_OBJECT.h">
      <Filter>Header Files</Filter>
    </ClInclude>
    <ClInclude Include="..\Adaptive_Arithmetic\ADAPTIVE_BASE.h">
      <Filter>Header Files</Filter>
    </ClInclude>
    <ClInclude Include="..\Adaptive_Arithmetic\ADAPTIVE_DETERMINANT.h">
      <Filter>Header Files</Filter>
    </ClInclude>
    <ClInclude Include="..\Adaptive_Arithmetic\ADAPTIVE_DIFFERENCE.h">
      <Filter>Header Files</Filter>
    </ClInclude>
    <ClInclude Include="..\Adaptive_Arithmetic\EXACT_RATIONAL.h">
      <Filter>Header Files</Filter>
    </ClInclude>
    <ClInclude Include="..\Adaptive_Arithmetic\EXACT_ARITHMETIC_POLICY.h">
      <Filter>Header Files</Filter>
    </ClInclude>
    <ClInclude Include="..\Adaptive_Arithmetic\ADAPTIVE_FORWARD.h">
      <Filter>Header Files</Filter>
    </ClInclude>
    <ClInclude Include="..\Adaptive_Arithmetic\ADAPTIVE_NEGATION.h">
      <Filter>Header Files</Filter>
    </ClInclude>
    <ClInclude Include="..\Adaptive_Arithmetic\ADAPTIVE_WRAPPER_BASE.h">
      <Filter>Header Files</Filter>
    </ClInclude>
    <ClInclude Include="..\Adaptive_Arithmetic\ADAPTIVE_DYNAMIC_BASE.h">
      <Filter>Header Files</Filter>
    </ClInclude>
    <ClInclude Include="..\Adaptive_Arithmetic\EXPANSION_ARITHMETIC.h">
      <Filter>Header Files</Filter>
    </ClInclude>
  </ItemGroup>
  <ItemGroup>
    <Library Include="..\..\..\..\Summer 2014\downloads\zlib128-dll\lib\zdll.lib" />
  </ItemGroup>
</Project>