
Microsoft Visual Studio Solution File, Format Version 10.00
# Visual Studio 2008
Project("{8BC9CEB8-8B4A-11D0-8D11-00A0C91BC942}") = "PhysBAM_Geometry", "PhysBAM_Geometry.vcproj", "{61291894-448C-42BB-A54D-15B3B012BF88}"
EndProject
Global
	GlobalSection(SolutionConfigurationPlatforms) = preSolution
		Debug|Win32 = Debug|Win32
		Release|Win32 = Release|Win32
	EndGlobalSection
	GlobalSection(ProjectConfigurationPlatforms) = postSolution
		{61291894-448C-42BB-A54D-15B3B012BF88}.Debug|Win32.ActiveCfg = Debug|Win32
		{61291894-448C-42BB-A54D-15B3B012BF88}.Debug|Win32.Build.0 = Debug|Win32
		{61291894-448C-42BB-A54D-15B3B012BF88}.Release|Win32.ActiveCfg = Release|Win32
		{61291894-448C-42BB-A54D-15B3B012BF88}.Release|Win32.Build.0 = Release|Win32
	EndGlobalSection
	GlobalSection(SolutionProperties) = preSolution
		HideSolutionNode = FALSE
	EndGlobalSection
EndGlobal
