<?xml version="1.0" encoding="utf-8"?>
<Project ToolsVersion="4.0" xmlns="http://schemas.microsoft.com/developer/msbuild/2003">
  <ItemGroup>
    <Filter Include="Source Files">
      <UniqueIdentifier>{4FC737F1-C7A5-4376-A066-2A32D752A2FF}</UniqueIdentifier>
      <Extensions>cpp;c;cc;cxx;def;odl;idl;hpj;bat;asm;asmx</Extensions>
    </Filter>
    <Filter Include="Header Files">
      <UniqueIdentifier>{93995380-89BD-4b04-88EB-625FBE52EBFB}</UniqueIdentifier>
      <Extensions>h;hh;hpp;hxx;hm;inl;inc;xsd</Extensions>
    </Filter>
    <Filter Include="Resource Files">
      <UniqueIdentifier>{67DA6AB6-F800-4c08-8B7A-83BB121AAD01}</UniqueIdentifier>
      <Extensions>rc;ico;cur;bmp;dlg;rc2;rct;bin;rgs;gif;jpg;jpeg;jpe;resx;tiff;tif;png;wav;mfcribbon-ms</Extensions>
    </Filter>
  </ItemGroup>
  <ItemGroup>
    <ClCompile Include="..\Collisions\RIGID_DEFORMABLE_COLLISIONS.cpp">
      <Filter>Source Files</Filter>
    </ClCompile>
    <ClCompile Include="..\Collisions\BW_COLLISIONS.cpp">
      <Filter>Source Files</Filter>
    </ClCompile>
    <ClCompile Include="..\Collisions\RIGIDS_NEWMARK_COLLISION_CALLBACKS.cpp">
      <Filter>Source Files</Filter>
    </ClCompile>
    <ClCompile Include="..\Forces_And_Torques\EXAMPLE_FORCES_AND_VELOCITIES.cpp">
      <Filter>Source Files</Filter>
    </ClCompile>
    <ClCompile Include="..\Forces_And_Torques\POINTWISE_FORCE.cpp">
      <Filter>Source Files</Filter>
    </ClCompile>
    <ClCompile Include="..\Forces_And_Torques\WIND_DRAG_3D.cpp">
      <Filter>Source Files</Filter>
    </ClCompile>
    <ClCompile Include="..\Forces_And_Torques\ETHER_DRAG.cpp">
      <Filter>Source Files</Filter>
    </ClCompile>
    <ClCompile Include="..\Forces_And_Torques\WIND_DRAG.cpp">
      <Filter>Source Files</Filter>
    </ClCompile>
    <ClCompile Include="..\Forces_And_Torques\ROTATION_SPRINGS.cpp">
      <Filter>Source Files</Filter>
    </ClCompile>
    <ClCompile Include="..\Forces_And_Torques\SOLIDS_FORCES.cpp">
      <Filter>Source Files</Filter>
    </ClCompile>
    <ClCompile Include="..\Forces_And_Torques\GRAVITY.cpp">
      <Filter>Source Files</Filter>
    </ClCompile>
    <ClCompile Include="..\Fracture\FRACTURE_TETRAHEDRALIZED_VOLUME.cpp">
      <Filter>Source Files</Filter>
    </ClCompile>
    <ClCompile Include="..\Fracture\HYPOTHETICAL_CUT_TRIANGLES.cpp">
      <Filter>Source Files</Filter>
    </ClCompile>
    <ClCompile Include="..\Fracture\HYPOTHETICAL_CUT_TETRAHEDRONS.cpp">
      <Filter>Source Files</Filter>
    </ClCompile>
    <ClCompile Include="..\Fracture\FRACTURE_OBJECT.cpp">
      <Filter>Source Files</Filter>
    </ClCompile>
    <ClCompile Include="..\Fracture\HYPOTHETICAL_CUT.cpp">
      <Filter>Source Files</Filter>
    </ClCompile>
    <ClCompile Include="..\Fracture\VIRTUAL_NODE_ALGORITHM.cpp">
      <Filter>Source Files</Filter>
    </ClCompile>
    <ClCompile Include="..\Fracture\FRACTURE_TRIANGULATED_OBJECT.cpp">
      <Filter>Source Files</Filter>
    </ClCompile>
    <ClCompile Include="..\Meshing\TETRAHEDRAL_MESHING.cpp">
      <Filter>Source Files</Filter>
    </ClCompile>
    <ClCompile Include="..\Meshing\RED_GREEN_TRIANGLES.cpp">
      <Filter>Source Files</Filter>
    </ClCompile>
    <ClCompile Include="..\Meshing\RED_GREEN_TETRAHEDRA.cpp">
      <Filter>Source Files</Filter>
    </ClCompile>
    <ClCompile Include="..\Solids_Evolution\GENERALIZED_VELOCITY.cpp">
      <Filter>Source Files</Filter>
    </ClCompile>
    <ClCompile Include="..\Solids_Evolution\BACKWARD_EULER_SYSTEM.cpp">
      <Filter>Source Files</Filter>
    </ClCompile>
    <ClCompile Include="..\Solids_Evolution\BACKWARD_EULER_MINIMIZATION_OBJECTIVE.cpp">
      <Filter>Source Files</Filter>
    </ClCompile>
    <ClCompile Include="..\Solids_Evolution\NEWMARK_EVOLUTION.cpp">
      <Filter>Source Files</Filter>
    </ClCompile>
    <ClCompile Include="..\Solids_Evolution\SOLIDS_EVOLUTION_CALLBACKS.cpp">
      <Filter>Source Files</Filter>
    </ClCompile>
    <ClCompile Include="..\Solids_Evolution\BW_BACKWARD_EULER_SYSTEM.cpp">
      <Filter>Source Files</Filter>
    </ClCompile>
    <ClCompile Include="..\Solids_Evolution\BACKWARD_EULER_MINIMIZATION_SYSTEM.cpp">
      <Filter>Source Files</Filter>
    </ClCompile>
    <ClCompile Include="..\Solids_Evolution\QUASISTATIC_EVOLUTION.cpp">
      <Filter>Source Files</Filter>
    </ClCompile>
    <ClCompile Include="..\Solids_Evolution\BACKWARD_EULER_EVOLUTION.cpp">
      <Filter>Source Files</Filter>
    </ClCompile>
    <ClCompile Include="..\Solids_Evolution\SOLIDS_EVOLUTION.cpp">
      <Filter>Source Files</Filter>
    </ClCompile>
    <ClCompile Include="..\Solids\SOLID_BODY_COLLECTION.cpp">
      <Filter>Source Files</Filter>
    </ClCompile>
    <ClCompile Include="..\Solids\SOLIDS_PARAMETERS.cpp">
      <Filter>Source Files</Filter>
    </ClCompile>
    <ClCompile Include="..\Examples_And_Drivers\SOLIDS_DRIVER.cpp">
      <Filter>Source Files</Filter>
    </ClCompile>
    <ClCompile Include="..\Examples_And_Drivers\SOLIDS_EXAMPLE.cpp">
      <Filter>Source Files</Filter>
    </ClCompile>
    <ClCompile Include="..\Standard_Tests\SOLIDS_STANDARD_TESTS.cpp">
      <Filter>Source Files</Filter>
    </ClCompile>
   </ItemGroup>
  <ItemGroup>
    <ClInclude Include="..\Collisions\SOLIDS_COLLISIONS_FORWARD.h">
      <Filter>Header Files</Filter>
    </ClInclude>
    <ClInclude Include="..\Collisions\BW_COLLISIONS.h">
      <Filter>Header Files</Filter>
    </ClInclude>
    <ClInclude Include="..\Collisions\RIGID_DEFORMABLE_COLLISIONS.h">
      <Filter>Header Files</Filter>
    </ClInclude>
    <ClInclude Include="..\Collisions\RIGIDS_NEWMARK_COLLISION_CALLBACKS.h">
      <Filter>Header Files</Filter>
    </ClInclude>
    <ClInclude Include="..\Forces_And_Torques\GRAVITY.h">
      <Filter>Header Files</Filter>
    </ClInclude>
    <ClInclude Include="..\Forces_And_Torques\SOLIDS_FORCES.h">
      <Filter>Header Files</Filter>
    </ClInclude>
    <ClInclude Include="..\Forces_And_Torques\POINTWISE_FORCE.h">
      <Filter>Header Files</Filter>
    </ClInclude>
    <ClInclude Include="..\Forces_And_Torques\WIND_DRAG_3D.h">
      <Filter>Header Files</Filter>
    </ClInclude>
    <ClInclude Include="..\Forces_And_Torques\ETHER_DRAG.h">
      <Filter>Header Files</Filter>
    </ClInclude>
    <ClInclude Include="..\Forces_And_Torques\ROTATION_SPRINGS.h">
      <Filter>Header Files</Filter>
    </ClInclude>
    <ClInclude Include="..\Forces_And_Torques\EXAMPLE_FORCES_AND_VELOCITIES.h">
      <Filter>Header Files</Filter>
    </ClInclude>
    <ClInclude Include="..\Forces_And_Torques\WIND_DRAG.h">
      <Filter>Header Files</Filter>
    </ClInclude>
    <ClInclude Include="..\Fracture\HYPOTHETICAL_CUT.h">
      <Filter>Header Files</Filter>
    </ClInclude>
    <ClInclude Include="..\Fracture\HYPOTHETICAL_NODE.h">
      <Filter>Header Files</Filter>
    </ClInclude>
    <ClInclude Include="..\Fracture\FRACTURE_TETRAHEDRALIZED_VOLUME.h">
      <Filter>Header Files</Filter>
    </ClInclude>
    <ClInclude Include="..\Fracture\VIRTUAL_NODE_ALGORITHM.h">
      <Filter>Header Files</Filter>
    </ClInclude>
    <ClInclude Include="..\Fracture\HYPOTHETICAL_CUT_TRIANGLES.h">
      <Filter>Header Files</Filter>
    </ClInclude>
    <ClInclude Include="..\Fracture\FRACTURE_CALLBACKS.h">
      <Filter>Header Files</Filter>
    </ClInclude>
    <ClInclude Include="..\Fracture\HYPOTHETICAL_CUT_TETRAHEDRONS.h">
      <Filter>Header Files</Filter>
    </ClInclude>
    <ClInclude Include="..\Fracture\FRACTURE_OBJECT.h">
      <Filter>Header Files</Filter>
    </ClInclude>
    <ClInclude Include="..\Fracture\VIRTUAL_NODES.h">
      <Filter>Header Files</Filter>
    </ClInclude>
    <ClInclude Include="..\Fracture\VIRTUAL_NODE.h">
      <Filter>Header Files</Filter>
    </ClInclude>
    <ClInclude Include="..\Fracture\FRACTURE_TRIANGULATED_OBJECT.h">
      <Filter>Header Files</Filter>
    </ClInclude>
    <ClInclude Include="..\Meshing\TETRAHEDRAL_MESHING.h">
      <Filter>Header Files</Filter>
    </ClInclude>
    <ClInclude Include="..\Meshing\RED_GREEN_TETRAHEDRA.h">
      <Filter>Header Files</Filter>
    </ClInclude>
    <ClInclude Include="..\Meshing\RED_GREEN_TRIANGLES.h">
      <Filter>Header Files</Filter>
    </ClInclude>
    <ClInclude Include="..\Meshing\LEVEL_SET_FORCES_AND_VELOCITIES.h">
      <Filter>Header Files</Filter>
    </ClInclude>
    <ClInclude Include="..\Solids_Evolution\GENERALIZED_VELOCITY.h">
      <Filter>Header Files</Filter>
    </ClInclude>
    <ClInclude Include="..\Solids_Evolution\BACKWARD_EULER_MINIMIZATION_OBJECTIVE.h">
      <Filter>Header Files</Filter>
    </ClInclude>
    <ClInclude Include="..\Solids_Evolution\SOLIDS_EVOLUTION.h">
      <Filter>Header Files</Filter>
    </ClInclude>
    <ClInclude Include="..\Solids_Evolution\QUASISTATIC_EVOLUTION.h">
      <Filter>Header Files</Filter>
    </ClInclude>
    <ClInclude Include="..\Solids_Evolution\BACKWARD_EULER_EVOLUTION.h">
      <Filter>Header Files</Filter>
    </ClInclude>
    <ClInclude Include="..\Solids_Evolution\SOLIDS_EVOLUTION_CALLBACKS.h">
      <Filter>Header Files</Filter>
    </ClInclude>
    <ClInclude Include="..\Solids_Evolution\BW_BACKWARD_EULER_SYSTEM.h">
      <Filter>Header Files</Filter>
    </ClInclude>
    <ClInclude Include="..\Solids_Evolution\BACKWARD_EULER_MINIMIZATION_SYSTEM.h">
      <Filter>Header Files</Filter>
    </ClInclude>
    <ClInclude Include="..\Solids_Evolution\NEWMARK_EVOLUTION.h">
      <Filter>Header Files</Filter>
    </ClInclude>
    <ClInclude Include="..\Solids_Evolution\BACKWARD_EULER_SYSTEM.h">
      <Filter>Header Files</Filter>
    </ClInclude>
    <ClInclude Include="..\Solids\SOLID_BODY_COLLECTION.h">
      <Filter>Header Files</Filter>
    </ClInclude>
    <ClInclude Include="..\Solids\SOLIDS_PARAMETERS.h">
      <Filter>Header Files</Filter>
    </ClInclude>
    <ClInclude Include="..\Muscles\ELLIPSOID_MUSCLE.h">
      <Filter>Header Files</Filter>
    </ClInclude>
    <ClInclude Include="..\Examples_And_Drivers\SOLIDS_EXAMPLE.h">
      <Filter>Header Files</Filter>
    </ClInclude>
    <ClInclude Include="..\Examples_And_Drivers\SOLIDS_DRIVER.h">
      <Filter>Header Files</Filter>
    </ClInclude>
    <ClInclude Include="..\Standard_Tests\SOLIDS_STANDARD_TESTS.h">
      <Filter>Header Files</Filter>
    </ClInclude>
  </ItemGroup>
  <ItemGroup>
    <Library Include="..\..\..\..\Summer 2014\downloads\zlib128-dll\lib\zdll.lib" />
  </ItemGroup>
</Project>