
Microsoft Visual Studio Solution File, Format Version 9.00
# Visual Studio 2005
Project("{FAE04EC0-301F-11D3-BF4B-00C04F79EFBC}") = "AMCtoPMC", "AMCtoPMC\AMCtoPMC.csproj", "{B6A856AC-88AD-4D1B-805D-CA5215790A14}"
EndProject
Global
	GlobalSection(SolutionConfigurationPlatforms) = preSolution
		Debug|Any CPU = Debug|Any CPU
		Debug|x64 = Debug|x64
		Release|Any CPU = Release|Any CPU
		Release|x64 = Release|x64
	EndGlobalSection
	GlobalSection(ProjectConfigurationPlatforms) = postSolution
		{B6A856AC-88AD-4D1B-805D-CA5215790A14}.Debug|Any CPU.ActiveCfg = Debug|Any CPU
		{B6A856AC-88AD-4D1B-805D-CA5215790A14}.Debug|Any CPU.Build.0 = Debug|Any CPU
		{B6A856AC-88AD-4D1B-805D-CA5215790A14}.Debug|x64.ActiveCfg = Debug|x64
		{B6A856AC-88AD-4D1B-805D-CA5215790A14}.Debug|x64.Build.0 = Debug|x64
		{B6A856AC-88AD-4D1B-805D-CA5215790A14}.Release|Any CPU.ActiveCfg = Release|Any CPU
		{B6A856AC-88AD-4D1B-805D-CA5215790A14}.Release|Any CPU.Build.0 = Release|Any CPU
		{B6A856AC-88AD-4D1B-805D-CA5215790A14}.Release|x64.ActiveCfg = Release|x64
		{B6A856AC-88AD-4D1B-805D-CA5215790A14}.Release|x64.Build.0 = Release|x64
	EndGlobalSection
	GlobalSection(SolutionProperties) = preSolution
		HideSolutionNode = FALSE
	EndGlobalSection
EndGlobal
