
Microsoft Visual Studio Solution File, Format Version 10.00
# Visual Studio 2008
Project("{8BC9CEB8-8B4A-11D0-8D11-00A0C91BC942}") = "multigrid_embedded_poisson", "multigrid_embedded_poisson.vcproj", "{6DAD1384-ECAD-4BDD-A9E5-D512B736B14C}"
EndProject
Global
	GlobalSection(SolutionConfigurationPlatforms) = preSolution
		Debug|Win32 = Debug|Win32
		Release|Win32 = Release|Win32
	EndGlobalSection
	GlobalSection(ProjectConfigurationPlatforms) = postSolution
		{6DAD1384-ECAD-4BDD-A9E5-D512B736B14C}.Debug|Win32.ActiveCfg = Debug|Win32
		{6DAD1384-ECAD-4BDD-A9E5-D512B736B14C}.Debug|Win32.Build.0 = Debug|Win32
		{6DAD1384-ECAD-4BDD-A9E5-D512B736B14C}.Release|Win32.ActiveCfg = Release|Win32
		{6DAD1384-ECAD-4BDD-A9E5-D512B736B14C}.Release|Win32.Build.0 = Release|Win32
	EndGlobalSection
	GlobalSection(SolutionProperties) = preSolution
		HideSolutionNode = FALSE
	EndGlobalSection
EndGlobal
