
Microsoft Visual Studio Solution File, Format Version 12.00
# Visual Studio 2013
VisualStudioVersion = 12.0.21005.1
MinimumVisualStudioVersion = 10.0.40219.1
Project("{8BC9CEB8-8B4A-11D0-8D11-00A0C91BC942}") = "Compressible", "../Public_Library/Compressible/msvc13/Compressible.vcxproj", "{9AA0E46D-C5AE-0960-3763-ECCF28729307}"
EndProject
Project("{8BC9CEB8-8B4A-11D0-8D11-00A0C91BC942}") = "Deformables", "../Public_Library/Deformables/msvc13/Deformables.vcxproj", "{616BCD90-5032-4FC7-F644-041C90E11622}"
EndProject
Project("{8BC9CEB8-8B4A-11D0-8D11-00A0C91BC942}") = "Dynamics", "../Public_Library/Dynamics/msvc13/Dynamics.vcxproj", "{1C827FAD-B34E-627A-4D87-1C19335D2035}"
EndProject
Project("{8BC9CEB8-8B4A-11D0-8D11-00A0C91BC942}") = "Fluids", "../Public_Library/Fluids/msvc13/Fluids.vcxproj", "{7FCAC0FD-6EBB-6E91-3E15-43B1F900DDF7}"
EndProject
Project("{8BC9CEB8-8B4A-11D0-8D11-00A0C91BC942}") = "Geometry", "../Public_Library/Geometry/msvc13/Geometry.vcxproj", "{86BAEC4F-9544-0861-C15A-E1863E404AE3}"
EndProject
Project("{8BC9CEB8-8B4A-11D0-8D11-00A0C91BC942}") = "Incompressible", "../Public_Library/Incompressible/msvc13/Incompressible.vcxproj", "{DC2919C3-DB24-5371-9DA9-165D9A35AB43}"
EndProject
Project("{8BC9CEB8-8B4A-11D0-8D11-00A0C91BC942}") = "OpenGL", "../Public_Library/OpenGL/msvc13/OpenGL.vcxproj", "{D84A9EDD-A881-4FA6-BE9B-E4CA488A0ECF}"
EndProject
Project("{8BC9CEB8-8B4A-11D0-8D11-00A0C91BC942}") = "Ray_Tracing", "../Public_Library/Ray_Tracing/msvc13/Ray_Tracing.vcxproj", "{974827EF-C9DB-B70A-173B-DA59502B6D85}"
EndProject
Project("{8BC9CEB8-8B4A-11D0-8D11-00A0C91BC942}") = "Rigids", "../Public_Library/Rigids/msvc13/Rigids.vcxproj", "{BD1C491F-6851-6E93-E163-291E75FD0930}"
EndProject
Project("{8BC9CEB8-8B4A-11D0-8D11-00A0C91BC942}") = "Solids", "../Public_Library/Solids/msvc13/Solids.vcxproj", "{8C254EA6-5D16-B5F4-5CEF-487B8CA953B8}"
EndProject
Project("{8BC9CEB8-8B4A-11D0-8D11-00A0C91BC942}") = "Tools", "../Public_Library/Tools/msvc13/Tools.vcxproj", "{4725E098-7259-8AE9-FFDF-EF0805C55E66}"
EndProject
Project("{8BC9CEB8-8B4A-11D0-8D11-00A0C91BC942}") = "be_evolution", "../Projects/be_evolution/msvc13/be_evolution.vcxproj", "{A87CA670-4B06-057C-FD67-A945AD1B8B29}"
EndProject
Global
	GlobalSection(SolutionConfigurationPlatforms) = preSolution
		Debug|Win32 = Debug|Win32
		Release|Win32 = Release|Win32
	EndGlobalSection
	GlobalSection(ProjectConfigurationPlatforms) = postSolution
		{BE6CBAEF-1A12-44C0-885E-2D8946DD1831}.Debug|Win32.ActiveCfg = Debug|Win32
		{BE6CBAEF-1A12-44C0-885E-2D8946DD1831}.Debug|Win32.Build.0 = Debug|Win32
		{BE6CBAEF-1A12-44C0-885E-2D8946DD1831}.Release|Win32.ActiveCfg = Release|Win32
		{BE6CBAEF-1A12-44C0-885E-2D8946DD1831}.Release|Win32.Build.0 = Release|Win32
		{FFA8CB9E-8521-4C4F-8B6F-91EE1D16D88B}.Debug|Win32.ActiveCfg = Debug|Win32
		{FFA8CB9E-8521-4C4F-8B6F-91EE1D16D88B}.Debug|Win32.Build.0 = Debug|Win32
		{FFA8CB9E-8521-4C4F-8B6F-91EE1D16D88B}.Release|Win32.ActiveCfg = Release|Win32
		{FFA8CB9E-8521-4C4F-8B6F-91EE1D16D88B}.Release|Win32.Build.0 = Release|Win32
	EndGlobalSection
	GlobalSection(SolutionProperties) = preSolution
		HideSolutionNode = FALSE
	EndGlobalSection
EndGlobal
