Microsoft Visual Studio Solution File, Format Version 8.00
Project("{8BC9CEB8-8B4A-11D0-8D11-00A0C91BC942}") = "triPatcher", "triPatcher.vcproj", "{939E9F05-D95B-41FE-B404-96631EA658F4}"
	ProjectSection(ProjectDependencies) = postProject
		{CFE01F23-CA91-45DC-9770-2120F4F26D9F} = {CFE01F23-CA91-45DC-9770-2120F4F26D9F}
		{BECBDC32-D856-4A8E-8C46-3D9E99D72CA0} = {BECBDC32-D856-4A8E-8C46-3D9E99D72CA0}
	EndProjectSection
EndProject
Project("{8BC9CEB8-8B4A-11D0-8D11-00A0C91BC942}") = "PhysBAM", "..\..\Public_Library\PhysBAM.vcproj", "{BECBDC32-D856-4A8E-8C46-3D9E99D72CA0}"
	ProjectSection(ProjectDependencies) = postProject
		{CFE01F23-CA91-45DC-9770-2120F4F26D9F} = {CFE01F23-CA91-45DC-9770-2120F4F26D9F}
	EndProjectSection
EndProject
Project("{8BC9CEB8-8B4A-11D0-8D11-00A0C91BC942}") = "gzstream", "..\..\External_Libraries\gzstream\gzstream.vcproj", "{CFE01F23-CA91-45DC-9770-2120F4F26D9F}"
	ProjectSection(ProjectDependencies) = postProject
	EndProjectSection
EndProject
Global
	GlobalSection(SolutionConfiguration) = preSolution
		Debug = Debug
		Profiling Release = Profiling Release
		Release = Release
	EndGlobalSection
	GlobalSection(ProjectConfiguration) = postSolution
		{939E9F05-D95B-41FE-B404-96631EA658F4}.Debug.ActiveCfg = Debug|Win32
		{939E9F05-D95B-41FE-B404-96631EA658F4}.Debug.Build.0 = Debug|Win32
		{939E9F05-D95B-41FE-B404-96631EA658F4}.Profiling Release.ActiveCfg = Release|Win32
		{939E9F05-D95B-41FE-B404-96631EA658F4}.Profiling Release.Build.0 = Release|Win32
		{939E9F05-D95B-41FE-B404-96631EA658F4}.Release.ActiveCfg = Release|Win32
		{939E9F05-D95B-41FE-B404-96631EA658F4}.Release.Build.0 = Release|Win32
		{BECBDC32-D856-4A8E-8C46-3D9E99D72CA0}.Debug.ActiveCfg = Debug|Win32
		{BECBDC32-D856-4A8E-8C46-3D9E99D72CA0}.Debug.Build.0 = Debug|Win32
		{BECBDC32-D856-4A8E-8C46-3D9E99D72CA0}.Profiling Release.ActiveCfg = Profiling Release|Win32
		{BECBDC32-D856-4A8E-8C46-3D9E99D72CA0}.Profiling Release.Build.0 = Profiling Release|Win32
		{BECBDC32-D856-4A8E-8C46-3D9E99D72CA0}.Release.ActiveCfg = Release|Win32
		{BECBDC32-D856-4A8E-8C46-3D9E99D72CA0}.Release.Build.0 = Release|Win32
		{CFE01F23-CA91-45DC-9770-2120F4F26D9F}.Debug.ActiveCfg = Debug|Win32
		{CFE01F23-CA91-45DC-9770-2120F4F26D9F}.Debug.Build.0 = Debug|Win32
		{CFE01F23-CA91-45DC-9770-2120F4F26D9F}.Profiling Release.ActiveCfg = Release|Win32
		{CFE01F23-CA91-45DC-9770-2120F4F26D9F}.Profiling Release.Build.0 = Release|Win32
		{CFE01F23-CA91-45DC-9770-2120F4F26D9F}.Release.ActiveCfg = Release|Win32
		{CFE01F23-CA91-45DC-9770-2120F4F26D9F}.Release.Build.0 = Release|Win32
	EndGlobalSection
	GlobalSection(ExtensibilityGlobals) = postSolution
	EndGlobalSection
	GlobalSection(ExtensibilityAddIns) = postSolution
	EndGlobalSection
EndGlobal
